// !$*UTF8*$!
{
	archiveVersion = 1;
	classes = {
	};
	objectVersion = 46;
	objects = {

/* Begin PBXBuildFile section */
		4E847D04587AE2FA1597E2F4 /* ofxGLWarper.cpp in Sources */ = {isa = PBXBuildFile; fileRef = AF6209C5F82972D99DE8A1D2 /* ofxGLWarper.cpp */; };
		5A4349E9754D6FA14C0F2A3A /* tinyxmlparser.cpp in Sources */ = {isa = PBXBuildFile; fileRef = FC5DA1C87211D4F6377DA719 /* tinyxmlparser.cpp */; };
		63B57AC5BF4EF088491E0317 /* ofxXmlSettings.cpp in Sources */ = {isa = PBXBuildFile; fileRef = 50DF87D612C5AAE17AAFA6C0 /* ofxXmlSettings.cpp */; };
		933A2227713C720CEFF80FD9 /* tinyxml.cpp in Sources */ = {isa = PBXBuildFile; fileRef = 2B40EDA85BEB63E46785BC29 /* tinyxml.cpp */; };
		9D44DC88EF9E7991B4A09951 /* tinyxmlerror.cpp in Sources */ = {isa = PBXBuildFile; fileRef = 832BDC407620CDBA568B713D /* tinyxmlerror.cpp */; };
		B0F671001CDE2F4D00DE3C0A /* ofxCvColorImage.cpp in Sources */ = {isa = PBXBuildFile; fileRef = B0F66F711CDE2F4D00DE3C0A /* ofxCvColorImage.cpp */; };
		B0F671011CDE2F4D00DE3C0A /* ofxCvContourFinder.cpp in Sources */ = {isa = PBXBuildFile; fileRef = B0F66F741CDE2F4D00DE3C0A /* ofxCvContourFinder.cpp */; };
		B0F671021CDE2F4D00DE3C0A /* ofxCvFloatImage.cpp in Sources */ = {isa = PBXBuildFile; fileRef = B0F66F761CDE2F4D00DE3C0A /* ofxCvFloatImage.cpp */; };
		B0F671031CDE2F4D00DE3C0A /* ofxCvGrayscaleImage.cpp in Sources */ = {isa = PBXBuildFile; fileRef = B0F66F781CDE2F4D00DE3C0A /* ofxCvGrayscaleImage.cpp */; };
		B0F671041CDE2F4D00DE3C0A /* ofxCvHaarFinder.cpp in Sources */ = {isa = PBXBuildFile; fileRef = B0F66F7A1CDE2F4D00DE3C0A /* ofxCvHaarFinder.cpp */; };
		B0F671051CDE2F4D00DE3C0A /* ofxCvImage.cpp in Sources */ = {isa = PBXBuildFile; fileRef = B0F66F7C1CDE2F4D00DE3C0A /* ofxCvImage.cpp */; };
		B0F671061CDE2F4D00DE3C0A /* ofxCvShortImage.cpp in Sources */ = {isa = PBXBuildFile; fileRef = B0F66F7E1CDE2F4D00DE3C0A /* ofxCvShortImage.cpp */; };
		B0F671071CDE2F4D00DE3C0A /* opencv.a in Frameworks */ = {isa = PBXBuildFile; fileRef = B0F670AE1CDE2F4D00DE3C0A /* opencv.a */; };
		E4328149138ABC9F0047C5CB /* openFrameworksDebug.a in Frameworks */ = {isa = PBXBuildFile; fileRef = E4328148138ABC890047C5CB /* openFrameworksDebug.a */; };
		E4B69E200A3A1BDC003C02F2 /* main.cpp in Sources */ = {isa = PBXBuildFile; fileRef = E4B69E1D0A3A1BDC003C02F2 /* main.cpp */; };
		E4B69E210A3A1BDC003C02F2 /* ofApp.cpp in Sources */ = {isa = PBXBuildFile; fileRef = E4B69E1E0A3A1BDC003C02F2 /* ofApp.cpp */; };
/* End PBXBuildFile section */

/* Begin PBXContainerItemProxy section */
		E4328147138ABC890047C5CB /* PBXContainerItemProxy */ = {
			isa = PBXContainerItemProxy;
			containerPortal = E4328143138ABC890047C5CB /* openFrameworksLib.xcodeproj */;
			proxyType = 2;
			remoteGlobalIDString = E4B27C1510CBEB8E00536013;
			remoteInfo = openFrameworks;
		};
		E4EEB9AB138B136A00A80321 /* PBXContainerItemProxy */ = {
			isa = PBXContainerItemProxy;
			containerPortal = E4328143138ABC890047C5CB /* openFrameworksLib.xcodeproj */;
			proxyType = 1;
			remoteGlobalIDString = E4B27C1410CBEB8E00536013;
			remoteInfo = openFrameworks;
		};
/* End PBXContainerItemProxy section */

/* Begin PBXCopyFilesBuildPhase section */
		E4C2427710CC5ABF004149E2 /* CopyFiles */ = {
			isa = PBXCopyFilesBuildPhase;
			buildActionMask = 2147483647;
			dstPath = "";
			dstSubfolderSpec = 10;
			files = (
			);
			runOnlyForDeploymentPostprocessing = 0;
		};
/* End PBXCopyFilesBuildPhase section */

/* Begin PBXFileReference section */
		01DCC0911400F9ACF5B65578 /* ofxXmlSettings.h */ = {isa = PBXFileReference; explicitFileType = sourcecode.c.h; fileEncoding = 30; name = ofxXmlSettings.h; path = ../../../addons/ofxXmlSettings/src/ofxXmlSettings.h; sourceTree = SOURCE_ROOT; };
		2B40EDA85BEB63E46785BC29 /* tinyxml.cpp */ = {isa = PBXFileReference; explicitFileType = sourcecode.cpp.cpp; fileEncoding = 30; name = tinyxml.cpp; path = ../../../addons/ofxXmlSettings/libs/tinyxml.cpp; sourceTree = SOURCE_ROOT; };
		50DF87D612C5AAE17AAFA6C0 /* ofxXmlSettings.cpp */ = {isa = PBXFileReference; explicitFileType = sourcecode.cpp.cpp; fileEncoding = 30; name = ofxXmlSettings.cpp; path = ../../../addons/ofxXmlSettings/src/ofxXmlSettings.cpp; sourceTree = SOURCE_ROOT; };
		832BDC407620CDBA568B713D /* tinyxmlerror.cpp */ = {isa = PBXFileReference; explicitFileType = sourcecode.cpp.cpp; fileEncoding = 30; name = tinyxmlerror.cpp; path = ../../../addons/ofxXmlSettings/libs/tinyxmlerror.cpp; sourceTree = SOURCE_ROOT; };
		AF6209C5F82972D99DE8A1D2 /* ofxGLWarper.cpp */ = {isa = PBXFileReference; explicitFileType = sourcecode.cpp.cpp; fileEncoding = 30; name = ofxGLWarper.cpp; path = ../../../addons/ofxGLWarper/src/ofxGLWarper.cpp; sourceTree = SOURCE_ROOT; };
		B0F66F701CDE2F4D00DE3C0A /* ofxCvBlob.h */ = {isa = PBXFileReference; lastKnownFileType = sourcecode.c.h; path = ofxCvBlob.h; sourceTree = "<group>"; };
		B0F66F711CDE2F4D00DE3C0A /* ofxCvColorImage.cpp */ = {isa = PBXFileReference; lastKnownFileType = sourcecode.cpp.cpp; path = ofxCvColorImage.cpp; sourceTree = "<group>"; };
		B0F66F721CDE2F4D00DE3C0A /* ofxCvColorImage.h */ = {isa = PBXFileReference; lastKnownFileType = sourcecode.c.h; path = ofxCvColorImage.h; sourceTree = "<group>"; };
		B0F66F731CDE2F4D00DE3C0A /* ofxCvConstants.h */ = {isa = PBXFileReference; lastKnownFileType = sourcecode.c.h; path = ofxCvConstants.h; sourceTree = "<group>"; };
		B0F66F741CDE2F4D00DE3C0A /* ofxCvContourFinder.cpp */ = {isa = PBXFileReference; lastKnownFileType = sourcecode.cpp.cpp; path = ofxCvContourFinder.cpp; sourceTree = "<group>"; };
		B0F66F751CDE2F4D00DE3C0A /* ofxCvContourFinder.h */ = {isa = PBXFileReference; lastKnownFileType = sourcecode.c.h; path = ofxCvContourFinder.h; sourceTree = "<group>"; };
		B0F66F761CDE2F4D00DE3C0A /* ofxCvFloatImage.cpp */ = {isa = PBXFileReference; lastKnownFileType = sourcecode.cpp.cpp; path = ofxCvFloatImage.cpp; sourceTree = "<group>"; };
		B0F66F771CDE2F4D00DE3C0A /* ofxCvFloatImage.h */ = {isa = PBXFileReference; lastKnownFileType = sourcecode.c.h; path = ofxCvFloatImage.h; sourceTree = "<group>"; };
		B0F66F781CDE2F4D00DE3C0A /* ofxCvGrayscaleImage.cpp */ = {isa = PBXFileReference; lastKnownFileType = sourcecode.cpp.cpp; path = ofxCvGrayscaleImage.cpp; sourceTree = "<group>"; };
		B0F66F791CDE2F4D00DE3C0A /* ofxCvGrayscaleImage.h */ = {isa = PBXFileReference; lastKnownFileType = sourcecode.c.h; path = ofxCvGrayscaleImage.h; sourceTree = "<group>"; };
		B0F66F7A1CDE2F4D00DE3C0A /* ofxCvHaarFinder.cpp */ = {isa = PBXFileReference; lastKnownFileType = sourcecode.cpp.cpp; path = ofxCvHaarFinder.cpp; sourceTree = "<group>"; };
		B0F66F7B1CDE2F4D00DE3C0A /* ofxCvHaarFinder.h */ = {isa = PBXFileReference; lastKnownFileType = sourcecode.c.h; path = ofxCvHaarFinder.h; sourceTree = "<group>"; };
		B0F66F7C1CDE2F4D00DE3C0A /* ofxCvImage.cpp */ = {isa = PBXFileReference; lastKnownFileType = sourcecode.cpp.cpp; path = ofxCvImage.cpp; sourceTree = "<group>"; };
		B0F66F7D1CDE2F4D00DE3C0A /* ofxCvImage.h */ = {isa = PBXFileReference; lastKnownFileType = sourcecode.c.h; path = ofxCvImage.h; sourceTree = "<group>"; };
		B0F66F7E1CDE2F4D00DE3C0A /* ofxCvShortImage.cpp */ = {isa = PBXFileReference; lastKnownFileType = sourcecode.cpp.cpp; path = ofxCvShortImage.cpp; sourceTree = "<group>"; };
		B0F66F7F1CDE2F4D00DE3C0A /* ofxCvShortImage.h */ = {isa = PBXFileReference; lastKnownFileType = sourcecode.c.h; path = ofxCvShortImage.h; sourceTree = "<group>"; };
		B0F66F801CDE2F4D00DE3C0A /* ofxOpenCv.h */ = {isa = PBXFileReference; lastKnownFileType = sourcecode.c.h; path = ofxOpenCv.h; sourceTree = "<group>"; };
		B0F66F851CDE2F4D00DE3C0A /* cv.h */ = {isa = PBXFileReference; lastKnownFileType = sourcecode.c.h; path = cv.h; sourceTree = "<group>"; };
		B0F66F861CDE2F4D00DE3C0A /* cv.hpp */ = {isa = PBXFileReference; lastKnownFileType = sourcecode.cpp.h; path = cv.hpp; sourceTree = "<group>"; };
		B0F66F871CDE2F4D00DE3C0A /* cvaux.h */ = {isa = PBXFileReference; lastKnownFileType = sourcecode.c.h; path = cvaux.h; sourceTree = "<group>"; };
		B0F66F881CDE2F4D00DE3C0A /* cvaux.hpp */ = {isa = PBXFileReference; lastKnownFileType = sourcecode.cpp.h; path = cvaux.hpp; sourceTree = "<group>"; };
		B0F66F891CDE2F4D00DE3C0A /* cvwimage.h */ = {isa = PBXFileReference; lastKnownFileType = sourcecode.c.h; path = cvwimage.h; sourceTree = "<group>"; };
		B0F66F8A1CDE2F4D00DE3C0A /* cxcore.h */ = {isa = PBXFileReference; lastKnownFileType = sourcecode.c.h; path = cxcore.h; sourceTree = "<group>"; };
		B0F66F8B1CDE2F4D00DE3C0A /* cxcore.hpp */ = {isa = PBXFileReference; lastKnownFileType = sourcecode.cpp.h; path = cxcore.hpp; sourceTree = "<group>"; };
		B0F66F8C1CDE2F4D00DE3C0A /* cxeigen.hpp */ = {isa = PBXFileReference; lastKnownFileType = sourcecode.cpp.h; path = cxeigen.hpp; sourceTree = "<group>"; };
		B0F66F8D1CDE2F4D00DE3C0A /* cxmisc.h */ = {isa = PBXFileReference; lastKnownFileType = sourcecode.c.h; path = cxmisc.h; sourceTree = "<group>"; };
		B0F66F8E1CDE2F4D00DE3C0A /* highgui.h */ = {isa = PBXFileReference; lastKnownFileType = sourcecode.c.h; path = highgui.h; sourceTree = "<group>"; };
		B0F66F8F1CDE2F4D00DE3C0A /* ml.h */ = {isa = PBXFileReference; lastKnownFileType = sourcecode.c.h; path = ml.h; sourceTree = "<group>"; };
		B0F66F921CDE2F4D00DE3C0A /* calib3d.hpp */ = {isa = PBXFileReference; lastKnownFileType = sourcecode.cpp.h; path = calib3d.hpp; sourceTree = "<group>"; };
		B0F66F931CDE2F4D00DE3C0A /* calib3d_c.h */ = {isa = PBXFileReference; lastKnownFileType = sourcecode.c.h; path = calib3d_c.h; sourceTree = "<group>"; };
		B0F66F941CDE2F4D00DE3C0A /* calib3d.hpp */ = {isa = PBXFileReference; lastKnownFileType = sourcecode.cpp.h; path = calib3d.hpp; sourceTree = "<group>"; };
		B0F66F961CDE2F4D00DE3C0A /* affine.hpp */ = {isa = PBXFileReference; lastKnownFileType = sourcecode.cpp.h; path = affine.hpp; sourceTree = "<group>"; };
		B0F66F971CDE2F4D00DE3C0A /* base.hpp */ = {isa = PBXFileReference; lastKnownFileType = sourcecode.cpp.h; path = base.hpp; sourceTree = "<group>"; };
		B0F66F981CDE2F4D00DE3C0A /* bufferpool.hpp */ = {isa = PBXFileReference; lastKnownFileType = sourcecode.cpp.h; path = bufferpool.hpp; sourceTree = "<group>"; };
		B0F66F991CDE2F4D00DE3C0A /* core.hpp */ = {isa = PBXFileReference; lastKnownFileType = sourcecode.cpp.h; path = core.hpp; sourceTree = "<group>"; };
		B0F66F9A1CDE2F4D00DE3C0A /* core_c.h */ = {isa = PBXFileReference; lastKnownFileType = sourcecode.c.h; path = core_c.h; sourceTree = "<group>"; };
		B0F66F9C1CDE2F4D00DE3C0A /* block.hpp */ = {isa = PBXFileReference; lastKnownFileType = sourcecode.cpp.h; path = block.hpp; sourceTree = "<group>"; };
		B0F66F9D1CDE2F4D00DE3C0A /* border_interpolate.hpp */ = {isa = PBXFileReference; lastKnownFileType = sourcecode.cpp.h; path = border_interpolate.hpp; sourceTree = "<group>"; };
		B0F66F9E1CDE2F4D00DE3C0A /* color.hpp */ = {isa = PBXFileReference; lastKnownFileType = sourcecode.cpp.h; path = color.hpp; sourceTree = "<group>"; };
		B0F66F9F1CDE2F4D00DE3C0A /* common.hpp */ = {isa = PBXFileReference; lastKnownFileType = sourcecode.cpp.h; path = common.hpp; sourceTree = "<group>"; };
		B0F66FA01CDE2F4D00DE3C0A /* datamov_utils.hpp */ = {isa = PBXFileReference; lastKnownFileType = sourcecode.cpp.h; path = datamov_utils.hpp; sourceTree = "<group>"; };
		B0F66FA21CDE2F4D00DE3C0A /* color_detail.hpp */ = {isa = PBXFileReference; lastKnownFileType = sourcecode.cpp.h; path = color_detail.hpp; sourceTree = "<group>"; };
		B0F66FA31CDE2F4D00DE3C0A /* reduce.hpp */ = {isa = PBXFileReference; lastKnownFileType = sourcecode.cpp.h; path = reduce.hpp; sourceTree = "<group>"; };
		B0F66FA41CDE2F4D00DE3C0A /* reduce_key_val.hpp */ = {isa = PBXFileReference; lastKnownFileType = sourcecode.cpp.h; path = reduce_key_val.hpp; sourceTree = "<group>"; };
		B0F66FA51CDE2F4D00DE3C0A /* transform_detail.hpp */ = {isa = PBXFileReference; lastKnownFileType = sourcecode.cpp.h; path = transform_detail.hpp; sourceTree = "<group>"; };
		B0F66FA61CDE2F4D00DE3C0A /* type_traits_detail.hpp */ = {isa = PBXFileReference; lastKnownFileType = sourcecode.cpp.h; path = type_traits_detail.hpp; sourceTree = "<group>"; };
		B0F66FA71CDE2F4D00DE3C0A /* vec_distance_detail.hpp */ = {isa = PBXFileReference; lastKnownFileType = sourcecode.cpp.h; path = vec_distance_detail.hpp; sourceTree = "<group>"; };
		B0F66FA81CDE2F4D00DE3C0A /* dynamic_smem.hpp */ = {isa = PBXFileReference; lastKnownFileType = sourcecode.cpp.h; path = dynamic_smem.hpp; sourceTree = "<group>"; };
		B0F66FA91CDE2F4D00DE3C0A /* emulation.hpp */ = {isa = PBXFileReference; lastKnownFileType = sourcecode.cpp.h; path = emulation.hpp; sourceTree = "<group>"; };
		B0F66FAA1CDE2F4D00DE3C0A /* filters.hpp */ = {isa = PBXFileReference; lastKnownFileType = sourcecode.cpp.h; path = filters.hpp; sourceTree = "<group>"; };
		B0F66FAB1CDE2F4D00DE3C0A /* funcattrib.hpp */ = {isa = PBXFileReference; lastKnownFileType = sourcecode.cpp.h; path = funcattrib.hpp; sourceTree = "<group>"; };
		B0F66FAC1CDE2F4D00DE3C0A /* functional.hpp */ = {isa = PBXFileReference; lastKnownFileType = sourcecode.cpp.h; path = functional.hpp; sourceTree = "<group>"; };
		B0F66FAD1CDE2F4D00DE3C0A /* limits.hpp */ = {isa = PBXFileReference; lastKnownFileType = sourcecode.cpp.h; path = limits.hpp; sourceTree = "<group>"; };
		B0F66FAE1CDE2F4D00DE3C0A /* reduce.hpp */ = {isa = PBXFileReference; lastKnownFileType = sourcecode.cpp.h; path = reduce.hpp; sourceTree = "<group>"; };
		B0F66FAF1CDE2F4D00DE3C0A /* saturate_cast.hpp */ = {isa = PBXFileReference; lastKnownFileType = sourcecode.cpp.h; path = saturate_cast.hpp; sourceTree = "<group>"; };
		B0F66FB01CDE2F4D00DE3C0A /* scan.hpp */ = {isa = PBXFileReference; lastKnownFileType = sourcecode.cpp.h; path = scan.hpp; sourceTree = "<group>"; };
		B0F66FB11CDE2F4D00DE3C0A /* simd_functions.hpp */ = {isa = PBXFileReference; lastKnownFileType = sourcecode.cpp.h; path = simd_functions.hpp; sourceTree = "<group>"; };
		B0F66FB21CDE2F4D00DE3C0A /* transform.hpp */ = {isa = PBXFileReference; lastKnownFileType = sourcecode.cpp.h; path = transform.hpp; sourceTree = "<group>"; };
		B0F66FB31CDE2F4D00DE3C0A /* type_traits.hpp */ = {isa = PBXFileReference; lastKnownFileType = sourcecode.cpp.h; path = type_traits.hpp; sourceTree = "<group>"; };
		B0F66FB41CDE2F4D00DE3C0A /* utility.hpp */ = {isa = PBXFileReference; lastKnownFileType = sourcecode.cpp.h; path = utility.hpp; sourceTree = "<group>"; };
		B0F66FB51CDE2F4D00DE3C0A /* vec_distance.hpp */ = {isa = PBXFileReference; lastKnownFileType = sourcecode.cpp.h; path = vec_distance.hpp; sourceTree = "<group>"; };
		B0F66FB61CDE2F4D00DE3C0A /* vec_math.hpp */ = {isa = PBXFileReference; lastKnownFileType = sourcecode.cpp.h; path = vec_math.hpp; sourceTree = "<group>"; };
		B0F66FB71CDE2F4D00DE3C0A /* vec_traits.hpp */ = {isa = PBXFileReference; lastKnownFileType = sourcecode.cpp.h; path = vec_traits.hpp; sourceTree = "<group>"; };
		B0F66FB81CDE2F4D00DE3C0A /* warp.hpp */ = {isa = PBXFileReference; lastKnownFileType = sourcecode.cpp.h; path = warp.hpp; sourceTree = "<group>"; };
		B0F66FB91CDE2F4D00DE3C0A /* warp_reduce.hpp */ = {isa = PBXFileReference; lastKnownFileType = sourcecode.cpp.h; path = warp_reduce.hpp; sourceTree = "<group>"; };
		B0F66FBA1CDE2F4D00DE3C0A /* warp_shuffle.hpp */ = {isa = PBXFileReference; lastKnownFileType = sourcecode.cpp.h; path = warp_shuffle.hpp; sourceTree = "<group>"; };
		B0F66FBB1CDE2F4D00DE3C0A /* cuda.hpp */ = {isa = PBXFileReference; lastKnownFileType = sourcecode.cpp.h; path = cuda.hpp; sourceTree = "<group>"; };
		B0F66FBC1CDE2F4D00DE3C0A /* cuda.inl.hpp */ = {isa = PBXFileReference; lastKnownFileType = sourcecode.cpp.h; path = cuda.inl.hpp; sourceTree = "<group>"; };
		B0F66FBD1CDE2F4D00DE3C0A /* cuda_stream_accessor.hpp */ = {isa = PBXFileReference; lastKnownFileType = sourcecode.cpp.h; path = cuda_stream_accessor.hpp; sourceTree = "<group>"; };
		B0F66FBE1CDE2F4D00DE3C0A /* cuda_types.hpp */ = {isa = PBXFileReference; lastKnownFileType = sourcecode.cpp.h; path = cuda_types.hpp; sourceTree = "<group>"; };
		B0F66FBF1CDE2F4D00DE3C0A /* cvdef.h */ = {isa = PBXFileReference; lastKnownFileType = sourcecode.c.h; path = cvdef.h; sourceTree = "<group>"; };
		B0F66FC01CDE2F4D00DE3C0A /* cvstd.hpp */ = {isa = PBXFileReference; lastKnownFileType = sourcecode.cpp.h; path = cvstd.hpp; sourceTree = "<group>"; };
		B0F66FC11CDE2F4D00DE3C0A /* cvstd.inl.hpp */ = {isa = PBXFileReference; lastKnownFileType = sourcecode.cpp.h; path = cvstd.inl.hpp; sourceTree = "<group>"; };
		B0F66FC21CDE2F4D00DE3C0A /* directx.hpp */ = {isa = PBXFileReference; lastKnownFileType = sourcecode.cpp.h; path = directx.hpp; sourceTree = "<group>"; };
		B0F66FC31CDE2F4D00DE3C0A /* eigen.hpp */ = {isa = PBXFileReference; lastKnownFileType = sourcecode.cpp.h; path = eigen.hpp; sourceTree = "<group>"; };
		B0F66FC41CDE2F4D00DE3C0A /* fast_math.hpp */ = {isa = PBXFileReference; lastKnownFileType = sourcecode.cpp.h; path = fast_math.hpp; sourceTree = "<group>"; };
		B0F66FC61CDE2F4D00DE3C0A /* hal.hpp */ = {isa = PBXFileReference; lastKnownFileType = sourcecode.cpp.h; path = hal.hpp; sourceTree = "<group>"; };
		B0F66FC71CDE2F4D00DE3C0A /* interface.h */ = {isa = PBXFileReference; lastKnownFileType = sourcecode.c.h; path = interface.h; sourceTree = "<group>"; };
		B0F66FC81CDE2F4D00DE3C0A /* intrin.hpp */ = {isa = PBXFileReference; lastKnownFileType = sourcecode.cpp.h; path = intrin.hpp; sourceTree = "<group>"; };
		B0F66FC91CDE2F4D00DE3C0A /* intrin_cpp.hpp */ = {isa = PBXFileReference; lastKnownFileType = sourcecode.cpp.h; path = intrin_cpp.hpp; sourceTree = "<group>"; };
		B0F66FCA1CDE2F4D00DE3C0A /* intrin_neon.hpp */ = {isa = PBXFileReference; lastKnownFileType = sourcecode.cpp.h; path = intrin_neon.hpp; sourceTree = "<group>"; };
		B0F66FCB1CDE2F4D00DE3C0A /* intrin_sse.hpp */ = {isa = PBXFileReference; lastKnownFileType = sourcecode.cpp.h; path = intrin_sse.hpp; sourceTree = "<group>"; };
		B0F66FCC1CDE2F4D00DE3C0A /* ippasync.hpp */ = {isa = PBXFileReference; lastKnownFileType = sourcecode.cpp.h; path = ippasync.hpp; sourceTree = "<group>"; };
		B0F66FCD1CDE2F4D00DE3C0A /* mat.hpp */ = {isa = PBXFileReference; lastKnownFileType = sourcecode.cpp.h; path = mat.hpp; sourceTree = "<group>"; };
		B0F66FCE1CDE2F4D00DE3C0A /* mat.inl.hpp */ = {isa = PBXFileReference; lastKnownFileType = sourcecode.cpp.h; path = mat.inl.hpp; sourceTree = "<group>"; };
		B0F66FCF1CDE2F4D00DE3C0A /* matx.hpp */ = {isa = PBXFileReference; lastKnownFileType = sourcecode.cpp.h; path = matx.hpp; sourceTree = "<group>"; };
		B0F66FD01CDE2F4D00DE3C0A /* neon_utils.hpp */ = {isa = PBXFileReference; lastKnownFileType = sourcecode.cpp.h; path = neon_utils.hpp; sourceTree = "<group>"; };
		B0F66FD11CDE2F4D00DE3C0A /* ocl.hpp */ = {isa = PBXFileReference; lastKnownFileType = sourcecode.cpp.h; path = ocl.hpp; sourceTree = "<group>"; };
		B0F66FD21CDE2F4D00DE3C0A /* ocl_genbase.hpp */ = {isa = PBXFileReference; lastKnownFileType = sourcecode.cpp.h; path = ocl_genbase.hpp; sourceTree = "<group>"; };
		B0F66FD31CDE2F4D00DE3C0A /* opengl.hpp */ = {isa = PBXFileReference; lastKnownFileType = sourcecode.cpp.h; path = opengl.hpp; sourceTree = "<group>"; };
		B0F66FD41CDE2F4D00DE3C0A /* operations.hpp */ = {isa = PBXFileReference; lastKnownFileType = sourcecode.cpp.h; path = operations.hpp; sourceTree = "<group>"; };
		B0F66FD51CDE2F4D00DE3C0A /* optim.hpp */ = {isa = PBXFileReference; lastKnownFileType = sourcecode.cpp.h; path = optim.hpp; sourceTree = "<group>"; };
		B0F66FD61CDE2F4D00DE3C0A /* persistence.hpp */ = {isa = PBXFileReference; lastKnownFileType = sourcecode.cpp.h; path = persistence.hpp; sourceTree = "<group>"; };
		B0F66FD71CDE2F4D00DE3C0A /* private.cuda.hpp */ = {isa = PBXFileReference; lastKnownFileType = sourcecode.cpp.h; path = private.cuda.hpp; sourceTree = "<group>"; };
		B0F66FD81CDE2F4D00DE3C0A /* private.hpp */ = {isa = PBXFileReference; lastKnownFileType = sourcecode.cpp.h; path = private.hpp; sourceTree = "<group>"; };
		B0F66FD91CDE2F4D00DE3C0A /* ptr.inl.hpp */ = {isa = PBXFileReference; lastKnownFileType = sourcecode.cpp.h; path = ptr.inl.hpp; sourceTree = "<group>"; };
		B0F66FDA1CDE2F4D00DE3C0A /* saturate.hpp */ = {isa = PBXFileReference; lastKnownFileType = sourcecode.cpp.h; path = saturate.hpp; sourceTree = "<group>"; };
		B0F66FDB1CDE2F4D00DE3C0A /* sse_utils.hpp */ = {isa = PBXFileReference; lastKnownFileType = sourcecode.cpp.h; path = sse_utils.hpp; sourceTree = "<group>"; };
		B0F66FDC1CDE2F4D00DE3C0A /* traits.hpp */ = {isa = PBXFileReference; lastKnownFileType = sourcecode.cpp.h; path = traits.hpp; sourceTree = "<group>"; };
		B0F66FDD1CDE2F4D00DE3C0A /* types.hpp */ = {isa = PBXFileReference; lastKnownFileType = sourcecode.cpp.h; path = types.hpp; sourceTree = "<group>"; };
		B0F66FDE1CDE2F4D00DE3C0A /* types_c.h */ = {isa = PBXFileReference; lastKnownFileType = sourcecode.c.h; path = types_c.h; sourceTree = "<group>"; };
		B0F66FDF1CDE2F4D00DE3C0A /* utility.hpp */ = {isa = PBXFileReference; lastKnownFileType = sourcecode.cpp.h; path = utility.hpp; sourceTree = "<group>"; };
		B0F66FE01CDE2F4D00DE3C0A /* va_intel.hpp */ = {isa = PBXFileReference; lastKnownFileType = sourcecode.cpp.h; path = va_intel.hpp; sourceTree = "<group>"; };
		B0F66FE11CDE2F4D00DE3C0A /* version.hpp */ = {isa = PBXFileReference; lastKnownFileType = sourcecode.cpp.h; path = version.hpp; sourceTree = "<group>"; };
		B0F66FE21CDE2F4D00DE3C0A /* wimage.hpp */ = {isa = PBXFileReference; lastKnownFileType = sourcecode.cpp.h; path = wimage.hpp; sourceTree = "<group>"; };
		B0F66FE31CDE2F4D00DE3C0A /* core.hpp */ = {isa = PBXFileReference; lastKnownFileType = sourcecode.cpp.h; path = core.hpp; sourceTree = "<group>"; };
		B0F66FE41CDE2F4D00DE3C0A /* cvconfig.h */ = {isa = PBXFileReference; lastKnownFileType = sourcecode.c.h; path = cvconfig.h; sourceTree = "<group>"; };
		B0F66FE61CDE2F4D00DE3C0A /* features2d.hpp */ = {isa = PBXFileReference; lastKnownFileType = sourcecode.cpp.h; path = features2d.hpp; sourceTree = "<group>"; };
		B0F66FE71CDE2F4D00DE3C0A /* features2d.hpp */ = {isa = PBXFileReference; lastKnownFileType = sourcecode.cpp.h; path = features2d.hpp; sourceTree = "<group>"; };
		B0F66FE91CDE2F4D00DE3C0A /* all_indices.h */ = {isa = PBXFileReference; lastKnownFileType = sourcecode.c.h; path = all_indices.h; sourceTree = "<group>"; };
		B0F66FEA1CDE2F4D00DE3C0A /* allocator.h */ = {isa = PBXFileReference; lastKnownFileType = sourcecode.c.h; path = allocator.h; sourceTree = "<group>"; };
		B0F66FEB1CDE2F4D00DE3C0A /* any.h */ = {isa = PBXFileReference; lastKnownFileType = sourcecode.c.h; path = any.h; sourceTree = "<group>"; };
		B0F66FEC1CDE2F4D00DE3C0A /* autotuned_index.h */ = {isa = PBXFileReference; lastKnownFileType = sourcecode.c.h; path = autotuned_index.h; sourceTree = "<group>"; };
		B0F66FED1CDE2F4D00DE3C0A /* composite_index.h */ = {isa = PBXFileReference; lastKnownFileType = sourcecode.c.h; path = composite_index.h; sourceTree = "<group>"; };
		B0F66FEE1CDE2F4D00DE3C0A /* config.h */ = {isa = PBXFileReference; lastKnownFileType = sourcecode.c.h; path = config.h; sourceTree = "<group>"; };
		B0F66FEF1CDE2F4D00DE3C0A /* defines.h */ = {isa = PBXFileReference; lastKnownFileType = sourcecode.c.h; path = defines.h; sourceTree = "<group>"; };
		B0F66FF01CDE2F4D00DE3C0A /* dist.h */ = {isa = PBXFileReference; lastKnownFileType = sourcecode.c.h; path = dist.h; sourceTree = "<group>"; };
		B0F66FF11CDE2F4D00DE3C0A /* dummy.h */ = {isa = PBXFileReference; lastKnownFileType = sourcecode.c.h; path = dummy.h; sourceTree = "<group>"; };
		B0F66FF21CDE2F4D00DE3C0A /* dynamic_bitset.h */ = {isa = PBXFileReference; lastKnownFileType = sourcecode.c.h; path = dynamic_bitset.h; sourceTree = "<group>"; };
		B0F66FF31CDE2F4D00DE3C0A /* flann.hpp */ = {isa = PBXFileReference; lastKnownFileType = sourcecode.cpp.h; path = flann.hpp; sourceTree = "<group>"; };
		B0F66FF41CDE2F4D00DE3C0A /* flann_base.hpp */ = {isa = PBXFileReference; lastKnownFileType = sourcecode.cpp.h; path = flann_base.hpp; sourceTree = "<group>"; };
		B0F66FF51CDE2F4D00DE3C0A /* general.h */ = {isa = PBXFileReference; lastKnownFileType = sourcecode.c.h; path = general.h; sourceTree = "<group>"; };
		B0F66FF61CDE2F4D00DE3C0A /* ground_truth.h */ = {isa = PBXFileReference; lastKnownFileType = sourcecode.c.h; path = ground_truth.h; sourceTree = "<group>"; };
		B0F66FF71CDE2F4D00DE3C0A /* hdf5.h */ = {isa = PBXFileReference; lastKnownFileType = sourcecode.c.h; path = hdf5.h; sourceTree = "<group>"; };
		B0F66FF81CDE2F4D00DE3C0A /* heap.h */ = {isa = PBXFileReference; lastKnownFileType = sourcecode.c.h; path = heap.h; sourceTree = "<group>"; };
		B0F66FF91CDE2F4D00DE3C0A /* hierarchical_clustering_index.h */ = {isa = PBXFileReference; lastKnownFileType = sourcecode.c.h; path = hierarchical_clustering_index.h; sourceTree = "<group>"; };
		B0F66FFA1CDE2F4D00DE3C0A /* index_testing.h */ = {isa = PBXFileReference; lastKnownFileType = sourcecode.c.h; path = index_testing.h; sourceTree = "<group>"; };
		B0F66FFB1CDE2F4D00DE3C0A /* kdtree_index.h */ = {isa = PBXFileReference; lastKnownFileType = sourcecode.c.h; path = kdtree_index.h; sourceTree = "<group>"; };
		B0F66FFC1CDE2F4D00DE3C0A /* kdtree_single_index.h */ = {isa = PBXFileReference; lastKnownFileType = sourcecode.c.h; path = kdtree_single_index.h; sourceTree = "<group>"; };
		B0F66FFD1CDE2F4D00DE3C0A /* kmeans_index.h */ = {isa = PBXFileReference; lastKnownFileType = sourcecode.c.h; path = kmeans_index.h; sourceTree = "<group>"; };
		B0F66FFE1CDE2F4D00DE3C0A /* linear_index.h */ = {isa = PBXFileReference; lastKnownFileType = sourcecode.c.h; path = linear_index.h; sourceTree = "<group>"; };
		B0F66FFF1CDE2F4D00DE3C0A /* logger.h */ = {isa = PBXFileReference; lastKnownFileType = sourcecode.c.h; path = logger.h; sourceTree = "<group>"; };
		B0F670001CDE2F4D00DE3C0A /* lsh_index.h */ = {isa = PBXFileReference; lastKnownFileType = sourcecode.c.h; path = lsh_index.h; sourceTree = "<group>"; };
		B0F670011CDE2F4D00DE3C0A /* lsh_table.h */ = {isa = PBXFileReference; lastKnownFileType = sourcecode.c.h; path = lsh_table.h; sourceTree = "<group>"; };
		B0F670021CDE2F4D00DE3C0A /* matrix.h */ = {isa = PBXFileReference; lastKnownFileType = sourcecode.c.h; path = matrix.h; sourceTree = "<group>"; };
		B0F670031CDE2F4D00DE3C0A /* miniflann.hpp */ = {isa = PBXFileReference; lastKnownFileType = sourcecode.cpp.h; path = miniflann.hpp; sourceTree = "<group>"; };
		B0F670041CDE2F4D00DE3C0A /* nn_index.h */ = {isa = PBXFileReference; lastKnownFileType = sourcecode.c.h; path = nn_index.h; sourceTree = "<group>"; };
		B0F670051CDE2F4D00DE3C0A /* object_factory.h */ = {isa = PBXFileReference; lastKnownFileType = sourcecode.c.h; path = object_factory.h; sourceTree = "<group>"; };
		B0F670061CDE2F4D00DE3C0A /* params.h */ = {isa = PBXFileReference; lastKnownFileType = sourcecode.c.h; path = params.h; sourceTree = "<group>"; };
		B0F670071CDE2F4D00DE3C0A /* random.h */ = {isa = PBXFileReference; lastKnownFileType = sourcecode.c.h; path = random.h; sourceTree = "<group>"; };
		B0F670081CDE2F4D00DE3C0A /* result_set.h */ = {isa = PBXFileReference; lastKnownFileType = sourcecode.c.h; path = result_set.h; sourceTree = "<group>"; };
		B0F670091CDE2F4D00DE3C0A /* sampling.h */ = {isa = PBXFileReference; lastKnownFileType = sourcecode.c.h; path = sampling.h; sourceTree = "<group>"; };
		B0F6700A1CDE2F4D00DE3C0A /* saving.h */ = {isa = PBXFileReference; lastKnownFileType = sourcecode.c.h; path = saving.h; sourceTree = "<group>"; };
		B0F6700B1CDE2F4D00DE3C0A /* simplex_downhill.h */ = {isa = PBXFileReference; lastKnownFileType = sourcecode.c.h; path = simplex_downhill.h; sourceTree = "<group>"; };
		B0F6700C1CDE2F4D00DE3C0A /* timer.h */ = {isa = PBXFileReference; lastKnownFileType = sourcecode.c.h; path = timer.h; sourceTree = "<group>"; };
		B0F6700D1CDE2F4D00DE3C0A /* flann.hpp */ = {isa = PBXFileReference; lastKnownFileType = sourcecode.cpp.h; path = flann.hpp; sourceTree = "<group>"; };
		B0F6700F1CDE2F4D00DE3C0A /* highgui.hpp */ = {isa = PBXFileReference; lastKnownFileType = sourcecode.cpp.h; path = highgui.hpp; sourceTree = "<group>"; };
		B0F670101CDE2F4D00DE3C0A /* highgui_c.h */ = {isa = PBXFileReference; lastKnownFileType = sourcecode.c.h; path = highgui_c.h; sourceTree = "<group>"; };
		B0F670111CDE2F4D00DE3C0A /* highgui.hpp */ = {isa = PBXFileReference; lastKnownFileType = sourcecode.cpp.h; path = highgui.hpp; sourceTree = "<group>"; };
		B0F670131CDE2F4D00DE3C0A /* imgcodecs.hpp */ = {isa = PBXFileReference; lastKnownFileType = sourcecode.cpp.h; path = imgcodecs.hpp; sourceTree = "<group>"; };
		B0F670141CDE2F4D00DE3C0A /* imgcodecs_c.h */ = {isa = PBXFileReference; lastKnownFileType = sourcecode.c.h; path = imgcodecs_c.h; sourceTree = "<group>"; };
		B0F670151CDE2F4D00DE3C0A /* ios.h */ = {isa = PBXFileReference; lastKnownFileType = sourcecode.c.h; path = ios.h; sourceTree = "<group>"; };
		B0F670161CDE2F4D00DE3C0A /* imgcodecs.hpp */ = {isa = PBXFileReference; lastKnownFileType = sourcecode.cpp.h; path = imgcodecs.hpp; sourceTree = "<group>"; };
		B0F670191CDE2F4D00DE3C0A /* distortion_model.hpp */ = {isa = PBXFileReference; lastKnownFileType = sourcecode.cpp.h; path = distortion_model.hpp; sourceTree = "<group>"; };
		B0F6701A1CDE2F4D00DE3C0A /* imgproc.hpp */ = {isa = PBXFileReference; lastKnownFileType = sourcecode.cpp.h; path = imgproc.hpp; sourceTree = "<group>"; };
		B0F6701B1CDE2F4D00DE3C0A /* imgproc_c.h */ = {isa = PBXFileReference; lastKnownFileType = sourcecode.c.h; path = imgproc_c.h; sourceTree = "<group>"; };
		B0F6701C1CDE2F4D00DE3C0A /* types_c.h */ = {isa = PBXFileReference; lastKnownFileType = sourcecode.c.h; path = types_c.h; sourceTree = "<group>"; };
		B0F6701D1CDE2F4D00DE3C0A /* imgproc.hpp */ = {isa = PBXFileReference; lastKnownFileType = sourcecode.cpp.h; path = imgproc.hpp; sourceTree = "<group>"; };
		B0F6701F1CDE2F4D00DE3C0A /* ml.hpp */ = {isa = PBXFileReference; lastKnownFileType = sourcecode.cpp.h; path = ml.hpp; sourceTree = "<group>"; };
		B0F670201CDE2F4D00DE3C0A /* ml.hpp */ = {isa = PBXFileReference; lastKnownFileType = sourcecode.cpp.h; path = ml.hpp; sourceTree = "<group>"; };
		B0F670221CDE2F4D00DE3C0A /* detection_based_tracker.hpp */ = {isa = PBXFileReference; lastKnownFileType = sourcecode.cpp.h; path = detection_based_tracker.hpp; sourceTree = "<group>"; };
		B0F670231CDE2F4D00DE3C0A /* objdetect.hpp */ = {isa = PBXFileReference; lastKnownFileType = sourcecode.cpp.h; path = objdetect.hpp; sourceTree = "<group>"; };
		B0F670241CDE2F4D00DE3C0A /* objdetect_c.h */ = {isa = PBXFileReference; lastKnownFileType = sourcecode.c.h; path = objdetect_c.h; sourceTree = "<group>"; };
		B0F670251CDE2F4D00DE3C0A /* objdetect.hpp */ = {isa = PBXFileReference; lastKnownFileType = sourcecode.cpp.h; path = objdetect.hpp; sourceTree = "<group>"; };
		B0F670261CDE2F4D00DE3C0A /* opencv.hpp */ = {isa = PBXFileReference; lastKnownFileType = sourcecode.cpp.h; path = opencv.hpp; sourceTree = "<group>"; };
		B0F670271CDE2F4D00DE3C0A /* opencv_modules.hpp */ = {isa = PBXFileReference; lastKnownFileType = sourcecode.cpp.h; path = opencv_modules.hpp; sourceTree = "<group>"; };
		B0F670291CDE2F4D00DE3C0A /* cuda.hpp */ = {isa = PBXFileReference; lastKnownFileType = sourcecode.cpp.h; path = cuda.hpp; sourceTree = "<group>"; };
		B0F6702A1CDE2F4D00DE3C0A /* photo.hpp */ = {isa = PBXFileReference; lastKnownFileType = sourcecode.cpp.h; path = photo.hpp; sourceTree = "<group>"; };
		B0F6702B1CDE2F4D00DE3C0A /* photo_c.h */ = {isa = PBXFileReference; lastKnownFileType = sourcecode.c.h; path = photo_c.h; sourceTree = "<group>"; };
		B0F6702C1CDE2F4D00DE3C0A /* photo.hpp */ = {isa = PBXFileReference; lastKnownFileType = sourcecode.cpp.h; path = photo.hpp; sourceTree = "<group>"; };
		B0F6702E1CDE2F4D00DE3C0A /* emdL1.hpp */ = {isa = PBXFileReference; lastKnownFileType = sourcecode.cpp.h; path = emdL1.hpp; sourceTree = "<group>"; };
		B0F6702F1CDE2F4D00DE3C0A /* hist_cost.hpp */ = {isa = PBXFileReference; lastKnownFileType = sourcecode.cpp.h; path = hist_cost.hpp; sourceTree = "<group>"; };
		B0F670301CDE2F4D00DE3C0A /* shape.hpp */ = {isa = PBXFileReference; lastKnownFileType = sourcecode.cpp.h; path = shape.hpp; sourceTree = "<group>"; };
		B0F670311CDE2F4D00DE3C0A /* shape_distance.hpp */ = {isa = PBXFileReference; lastKnownFileType = sourcecode.cpp.h; path = shape_distance.hpp; sourceTree = "<group>"; };
		B0F670321CDE2F4D00DE3C0A /* shape_transformer.hpp */ = {isa = PBXFileReference; lastKnownFileType = sourcecode.cpp.h; path = shape_transformer.hpp; sourceTree = "<group>"; };
		B0F670331CDE2F4D00DE3C0A /* shape.hpp */ = {isa = PBXFileReference; lastKnownFileType = sourcecode.cpp.h; path = shape.hpp; sourceTree = "<group>"; };
		B0F670361CDE2F4D00DE3C0A /* autocalib.hpp */ = {isa = PBXFileReference; lastKnownFileType = sourcecode.cpp.h; path = autocalib.hpp; sourceTree = "<group>"; };
		B0F670371CDE2F4D00DE3C0A /* blenders.hpp */ = {isa = PBXFileReference; lastKnownFileType = sourcecode.cpp.h; path = blenders.hpp; sourceTree = "<group>"; };
		B0F670381CDE2F4D00DE3C0A /* camera.hpp */ = {isa = PBXFileReference; lastKnownFileType = sourcecode.cpp.h; path = camera.hpp; sourceTree = "<group>"; };
		B0F670391CDE2F4D00DE3C0A /* exposure_compensate.hpp */ = {isa = PBXFileReference; lastKnownFileType = sourcecode.cpp.h; path = exposure_compensate.hpp; sourceTree = "<group>"; };
		B0F6703A1CDE2F4D00DE3C0A /* matchers.hpp */ = {isa = PBXFileReference; lastKnownFileType = sourcecode.cpp.h; path = matchers.hpp; sourceTree = "<group>"; };
		B0F6703B1CDE2F4D00DE3C0A /* motion_estimators.hpp */ = {isa = PBXFileReference; lastKnownFileType = sourcecode.cpp.h; path = motion_estimators.hpp; sourceTree = "<group>"; };
		B0F6703C1CDE2F4D00DE3C0A /* seam_finders.hpp */ = {isa = PBXFileReference; lastKnownFileType = sourcecode.cpp.h; path = seam_finders.hpp; sourceTree = "<group>"; };
		B0F6703D1CDE2F4D00DE3C0A /* timelapsers.hpp */ = {isa = PBXFileReference; lastKnownFileType = sourcecode.cpp.h; path = timelapsers.hpp; sourceTree = "<group>"; };
		B0F6703E1CDE2F4D00DE3C0A /* util.hpp */ = {isa = PBXFileReference; lastKnownFileType = sourcecode.cpp.h; path = util.hpp; sourceTree = "<group>"; };
		B0F6703F1CDE2F4D00DE3C0A /* util_inl.hpp */ = {isa = PBXFileReference; lastKnownFileType = sourcecode.cpp.h; path = util_inl.hpp; sourceTree = "<group>"; };
		B0F670401CDE2F4D00DE3C0A /* warpers.hpp */ = {isa = PBXFileReference; lastKnownFileType = sourcecode.cpp.h; path = warpers.hpp; sourceTree = "<group>"; };
		B0F670411CDE2F4D00DE3C0A /* warpers_inl.hpp */ = {isa = PBXFileReference; lastKnownFileType = sourcecode.cpp.h; path = warpers_inl.hpp; sourceTree = "<group>"; };
		B0F670421CDE2F4D00DE3C0A /* warpers.hpp */ = {isa = PBXFileReference; lastKnownFileType = sourcecode.cpp.h; path = warpers.hpp; sourceTree = "<group>"; };
		B0F670431CDE2F4D00DE3C0A /* stitching.hpp */ = {isa = PBXFileReference; lastKnownFileType = sourcecode.cpp.h; path = stitching.hpp; sourceTree = "<group>"; };
		B0F670451CDE2F4D00DE3C0A /* optical_flow.hpp */ = {isa = PBXFileReference; lastKnownFileType = sourcecode.cpp.h; path = optical_flow.hpp; sourceTree = "<group>"; };
		B0F670461CDE2F4D00DE3C0A /* superres.hpp */ = {isa = PBXFileReference; lastKnownFileType = sourcecode.cpp.h; path = superres.hpp; sourceTree = "<group>"; };
		B0F670481CDE2F4D00DE3C0A /* background_segm.hpp */ = {isa = PBXFileReference; lastKnownFileType = sourcecode.cpp.h; path = background_segm.hpp; sourceTree = "<group>"; };
		B0F670491CDE2F4D00DE3C0A /* tracking.hpp */ = {isa = PBXFileReference; lastKnownFileType = sourcecode.cpp.h; path = tracking.hpp; sourceTree = "<group>"; };
		B0F6704A1CDE2F4D00DE3C0A /* tracking_c.h */ = {isa = PBXFileReference; lastKnownFileType = sourcecode.c.h; path = tracking_c.h; sourceTree = "<group>"; };
		B0F6704B1CDE2F4D00DE3C0A /* video.hpp */ = {isa = PBXFileReference; lastKnownFileType = sourcecode.cpp.h; path = video.hpp; sourceTree = "<group>"; };
		B0F6704C1CDE2F4D00DE3C0A /* video.hpp */ = {isa = PBXFileReference; lastKnownFileType = sourcecode.cpp.h; path = video.hpp; sourceTree = "<group>"; };
		B0F6704E1CDE2F4D00DE3C0A /* cap_ios.h */ = {isa = PBXFileReference; lastKnownFileType = sourcecode.c.h; path = cap_ios.h; sourceTree = "<group>"; };
		B0F6704F1CDE2F4D00DE3C0A /* videoio.hpp */ = {isa = PBXFileReference; lastKnownFileType = sourcecode.cpp.h; path = videoio.hpp; sourceTree = "<group>"; };
		B0F670501CDE2F4D00DE3C0A /* videoio_c.h */ = {isa = PBXFileReference; lastKnownFileType = sourcecode.c.h; path = videoio_c.h; sourceTree = "<group>"; };
		B0F670511CDE2F4D00DE3C0A /* videoio.hpp */ = {isa = PBXFileReference; lastKnownFileType = sourcecode.cpp.h; path = videoio.hpp; sourceTree = "<group>"; };
		B0F670531CDE2F4D00DE3C0A /* deblurring.hpp */ = {isa = PBXFileReference; lastKnownFileType = sourcecode.cpp.h; path = deblurring.hpp; sourceTree = "<group>"; };
		B0F670541CDE2F4D00DE3C0A /* fast_marching.hpp */ = {isa = PBXFileReference; lastKnownFileType = sourcecode.cpp.h; path = fast_marching.hpp; sourceTree = "<group>"; };
		B0F670551CDE2F4D00DE3C0A /* fast_marching_inl.hpp */ = {isa = PBXFileReference; lastKnownFileType = sourcecode.cpp.h; path = fast_marching_inl.hpp; sourceTree = "<group>"; };
		B0F670561CDE2F4D00DE3C0A /* frame_source.hpp */ = {isa = PBXFileReference; lastKnownFileType = sourcecode.cpp.h; path = frame_source.hpp; sourceTree = "<group>"; };
		B0F670571CDE2F4D00DE3C0A /* global_motion.hpp */ = {isa = PBXFileReference; lastKnownFileType = sourcecode.cpp.h; path = global_motion.hpp; sourceTree = "<group>"; };
		B0F670581CDE2F4D00DE3C0A /* inpainting.hpp */ = {isa = PBXFileReference; lastKnownFileType = sourcecode.cpp.h; path = inpainting.hpp; sourceTree = "<group>"; };
		B0F670591CDE2F4D00DE3C0A /* log.hpp */ = {isa = PBXFileReference; lastKnownFileType = sourcecode.cpp.h; path = log.hpp; sourceTree = "<group>"; };
		B0F6705A1CDE2F4D00DE3C0A /* motion_core.hpp */ = {isa = PBXFileReference; lastKnownFileType = sourcecode.cpp.h; path = motion_core.hpp; sourceTree = "<group>"; };
		B0F6705B1CDE2F4D00DE3C0A /* motion_stabilizing.hpp */ = {isa = PBXFileReference; lastKnownFileType = sourcecode.cpp.h; path = motion_stabilizing.hpp; sourceTree = "<group>"; };
		B0F6705C1CDE2F4D00DE3C0A /* optical_flow.hpp */ = {isa = PBXFileReference; lastKnownFileType = sourcecode.cpp.h; path = optical_flow.hpp; sourceTree = "<group>"; };
		B0F6705D1CDE2F4D00DE3C0A /* outlier_rejection.hpp */ = {isa = PBXFileReference; lastKnownFileType = sourcecode.cpp.h; path = outlier_rejection.hpp; sourceTree = "<group>"; };
		B0F6705E1CDE2F4D00DE3C0A /* ring_buffer.hpp */ = {isa = PBXFileReference; lastKnownFileType = sourcecode.cpp.h; path = ring_buffer.hpp; sourceTree = "<group>"; };
		B0F6705F1CDE2F4D00DE3C0A /* stabilizer.hpp */ = {isa = PBXFileReference; lastKnownFileType = sourcecode.cpp.h; path = stabilizer.hpp; sourceTree = "<group>"; };
		B0F670601CDE2F4D00DE3C0A /* wobble_suppression.hpp */ = {isa = PBXFileReference; lastKnownFileType = sourcecode.cpp.h; path = wobble_suppression.hpp; sourceTree = "<group>"; };
		B0F670611CDE2F4D00DE3C0A /* videostab.hpp */ = {isa = PBXFileReference; lastKnownFileType = sourcecode.cpp.h; path = videostab.hpp; sourceTree = "<group>"; };
		B0F670AE1CDE2F4D00DE3C0A /* opencv.a */ = {isa = PBXFileReference; lastKnownFileType = archive.ar; path = opencv.a; sourceTree = "<group>"; };
		B0F670FF1CDE2F4D00DE3C0A /* LICENSE */ = {isa = PBXFileReference; lastKnownFileType = text; path = LICENSE; sourceTree = "<group>"; };
		B21E7E5F548EEA92F368040B /* tinyxml.h */ = {isa = PBXFileReference; explicitFileType = sourcecode.c.h; fileEncoding = 30; name = tinyxml.h; path = ../../../addons/ofxXmlSettings/libs/tinyxml.h; sourceTree = SOURCE_ROOT; };
		D9D2C189892ACF2F28E0B18A /* ofxGLWarper.h */ = {isa = PBXFileReference; explicitFileType = sourcecode.c.h; fileEncoding = 30; name = ofxGLWarper.h; path = ../../../addons/ofxGLWarper/src/ofxGLWarper.h; sourceTree = SOURCE_ROOT; };
		E4328143138ABC890047C5CB /* openFrameworksLib.xcodeproj */ = {isa = PBXFileReference; lastKnownFileType = "wrapper.pb-project"; name = openFrameworksLib.xcodeproj; path = ../../../libs/openFrameworksCompiled/project/osx/openFrameworksLib.xcodeproj; sourceTree = SOURCE_ROOT; };
		E4B69B5B0A3A1756003C02F2 /* example-A_bit_more_complexDebug.app */ = {isa = PBXFileReference; explicitFileType = wrapper.application; includeInIndex = 0; path = "example-A_bit_more_complexDebug.app"; sourceTree = BUILT_PRODUCTS_DIR; };
		E4B69E1D0A3A1BDC003C02F2 /* main.cpp */ = {isa = PBXFileReference; fileEncoding = 30; lastKnownFileType = sourcecode.cpp.cpp; name = main.cpp; path = src/main.cpp; sourceTree = SOURCE_ROOT; };
		E4B69E1E0A3A1BDC003C02F2 /* ofApp.cpp */ = {isa = PBXFileReference; explicitFileType = sourcecode.cpp.cpp; fileEncoding = 30; name = ofApp.cpp; path = src/ofApp.cpp; sourceTree = SOURCE_ROOT; };
		E4B69E1F0A3A1BDC003C02F2 /* ofApp.h */ = {isa = PBXFileReference; fileEncoding = 30; lastKnownFileType = sourcecode.c.h; name = ofApp.h; path = src/ofApp.h; sourceTree = SOURCE_ROOT; };
		E4B6FCAD0C3E899E008CF71C /* openFrameworks-Info.plist */ = {isa = PBXFileReference; fileEncoding = 30; lastKnownFileType = text.plist.xml; path = "openFrameworks-Info.plist"; sourceTree = "<group>"; };
		E4EB691F138AFCF100A09F29 /* CoreOF.xcconfig */ = {isa = PBXFileReference; fileEncoding = 4; lastKnownFileType = text.xcconfig; name = CoreOF.xcconfig; path = ../../../libs/openFrameworksCompiled/project/osx/CoreOF.xcconfig; sourceTree = SOURCE_ROOT; };
		E4EB6923138AFD0F00A09F29 /* Project.xcconfig */ = {isa = PBXFileReference; fileEncoding = 4; lastKnownFileType = text.xcconfig; path = Project.xcconfig; sourceTree = "<group>"; };
		FC5DA1C87211D4F6377DA719 /* tinyxmlparser.cpp */ = {isa = PBXFileReference; explicitFileType = sourcecode.cpp.cpp; fileEncoding = 30; name = tinyxmlparser.cpp; path = ../../../addons/ofxXmlSettings/libs/tinyxmlparser.cpp; sourceTree = SOURCE_ROOT; };
/* End PBXFileReference section */

/* Begin PBXFrameworksBuildPhase section */
		E4B69B590A3A1756003C02F2 /* Frameworks */ = {
			isa = PBXFrameworksBuildPhase;
			buildActionMask = 2147483647;
			files = (
				B0F671071CDE2F4D00DE3C0A /* opencv.a in Frameworks */,
				E4328149138ABC9F0047C5CB /* openFrameworksDebug.a in Frameworks */,
			);
			runOnlyForDeploymentPostprocessing = 0;
		};
/* End PBXFrameworksBuildPhase section */

/* Begin PBXGroup section */
		1F4FB5C423662B96ADFDCC0B /* ofxXmlSettings */ = {
			isa = PBXGroup;
			children = (
				6ECEF0D76BC33727823EADFF /* src */,
				6E54289412D2D94F45A05113 /* libs */,
			);
			name = ofxXmlSettings;
			sourceTree = "<group>";
		};
		6948EE371B920CB800B5AC1A /* local_addons */ = {
			isa = PBXGroup;
			children = (
			);
			name = local_addons;
			sourceTree = "<group>";
		};
		6E54289412D2D94F45A05113 /* libs */ = {
			isa = PBXGroup;
			children = (
				2B40EDA85BEB63E46785BC29 /* tinyxml.cpp */,
				B21E7E5F548EEA92F368040B /* tinyxml.h */,
				832BDC407620CDBA568B713D /* tinyxmlerror.cpp */,
				FC5DA1C87211D4F6377DA719 /* tinyxmlparser.cpp */,
			);
			name = libs;
			sourceTree = "<group>";
		};
		6ECEF0D76BC33727823EADFF /* src */ = {
			isa = PBXGroup;
			children = (
				50DF87D612C5AAE17AAFA6C0 /* ofxXmlSettings.cpp */,
				01DCC0911400F9ACF5B65578 /* ofxXmlSettings.h */,
			);
			name = src;
			sourceTree = "<group>";
		};
		AD7814744533132E24C1FA28 /* ofxGLWarper */ = {
			isa = PBXGroup;
			children = (
				EACF88951E9EEA95503B05A5 /* src */,
			);
			name = ofxGLWarper;
			sourceTree = "<group>";
		};
		B0F66F6E1CDE2F4D00DE3C0A /* ofxOpenCv */ = {
			isa = PBXGroup;
			children = (
				B0F66F6F1CDE2F4D00DE3C0A /* src */,
				B0F66F811CDE2F4D00DE3C0A /* libs */,
			);
			name = ofxOpenCv;
			sourceTree = "<group>";
		};
		B0F66F6F1CDE2F4D00DE3C0A /* src */ = {
			isa = PBXGroup;
			children = (
				B0F66F701CDE2F4D00DE3C0A /* ofxCvBlob.h */,
				B0F66F711CDE2F4D00DE3C0A /* ofxCvColorImage.cpp */,
				B0F66F721CDE2F4D00DE3C0A /* ofxCvColorImage.h */,
				B0F66F731CDE2F4D00DE3C0A /* ofxCvConstants.h */,
				B0F66F741CDE2F4D00DE3C0A /* ofxCvContourFinder.cpp */,
				B0F66F751CDE2F4D00DE3C0A /* ofxCvContourFinder.h */,
				B0F66F761CDE2F4D00DE3C0A /* ofxCvFloatImage.cpp */,
				B0F66F771CDE2F4D00DE3C0A /* ofxCvFloatImage.h */,
				B0F66F781CDE2F4D00DE3C0A /* ofxCvGrayscaleImage.cpp */,
				B0F66F791CDE2F4D00DE3C0A /* ofxCvGrayscaleImage.h */,
				B0F66F7A1CDE2F4D00DE3C0A /* ofxCvHaarFinder.cpp */,
				B0F66F7B1CDE2F4D00DE3C0A /* ofxCvHaarFinder.h */,
				B0F66F7C1CDE2F4D00DE3C0A /* ofxCvImage.cpp */,
				B0F66F7D1CDE2F4D00DE3C0A /* ofxCvImage.h */,
				B0F66F7E1CDE2F4D00DE3C0A /* ofxCvShortImage.cpp */,
				B0F66F7F1CDE2F4D00DE3C0A /* ofxCvShortImage.h */,
				B0F66F801CDE2F4D00DE3C0A /* ofxOpenCv.h */,
			);
			name = src;
			path = ../../ofxOpenCv/src;
			sourceTree = "<group>";
		};
		B0F66F811CDE2F4D00DE3C0A /* libs */ = {
			isa = PBXGroup;
			children = (
				B0F66F821CDE2F4D00DE3C0A /* opencv */,
			);
			name = libs;
			path = ../../ofxOpenCv/libs;
			sourceTree = "<group>";
		};
		B0F66F821CDE2F4D00DE3C0A /* opencv */ = {
			isa = PBXGroup;
			children = (
				B0F66F831CDE2F4D00DE3C0A /* include */,
				B0F670621CDE2F4D00DE3C0A /* lib */,
				B0F670FE1CDE2F4D00DE3C0A /* license */,
			);
			path = opencv;
			sourceTree = "<group>";
		};
		B0F66F831CDE2F4D00DE3C0A /* include */ = {
			isa = PBXGroup;
			children = (
				B0F66F841CDE2F4D00DE3C0A /* opencv */,
				B0F66F901CDE2F4D00DE3C0A /* opencv2 */,
			);
			path = include;
			sourceTree = "<group>";
		};
		B0F66F841CDE2F4D00DE3C0A /* opencv */ = {
			isa = PBXGroup;
			children = (
				B0F66F851CDE2F4D00DE3C0A /* cv.h */,
				B0F66F861CDE2F4D00DE3C0A /* cv.hpp */,
				B0F66F871CDE2F4D00DE3C0A /* cvaux.h */,
				B0F66F881CDE2F4D00DE3C0A /* cvaux.hpp */,
				B0F66F891CDE2F4D00DE3C0A /* cvwimage.h */,
				B0F66F8A1CDE2F4D00DE3C0A /* cxcore.h */,
				B0F66F8B1CDE2F4D00DE3C0A /* cxcore.hpp */,
				B0F66F8C1CDE2F4D00DE3C0A /* cxeigen.hpp */,
				B0F66F8D1CDE2F4D00DE3C0A /* cxmisc.h */,
				B0F66F8E1CDE2F4D00DE3C0A /* highgui.h */,
				B0F66F8F1CDE2F4D00DE3C0A /* ml.h */,
			);
			path = opencv;
			sourceTree = "<group>";
		};
		B0F66F901CDE2F4D00DE3C0A /* opencv2 */ = {
			isa = PBXGroup;
			children = (
				B0F66F911CDE2F4D00DE3C0A /* calib3d */,
				B0F66F941CDE2F4D00DE3C0A /* calib3d.hpp */,
				B0F66F951CDE2F4D00DE3C0A /* core */,
				B0F66FE31CDE2F4D00DE3C0A /* core.hpp */,
				B0F66FE41CDE2F4D00DE3C0A /* cvconfig.h */,
				B0F66FE51CDE2F4D00DE3C0A /* features2d */,
				B0F66FE71CDE2F4D00DE3C0A /* features2d.hpp */,
				B0F66FE81CDE2F4D00DE3C0A /* flann */,
				B0F6700D1CDE2F4D00DE3C0A /* flann.hpp */,
				B0F6700E1CDE2F4D00DE3C0A /* highgui */,
				B0F670111CDE2F4D00DE3C0A /* highgui.hpp */,
				B0F670121CDE2F4D00DE3C0A /* imgcodecs */,
				B0F670161CDE2F4D00DE3C0A /* imgcodecs.hpp */,
				B0F670171CDE2F4D00DE3C0A /* imgproc */,
				B0F6701D1CDE2F4D00DE3C0A /* imgproc.hpp */,
				B0F6701E1CDE2F4D00DE3C0A /* ml */,
				B0F670201CDE2F4D00DE3C0A /* ml.hpp */,
				B0F670211CDE2F4D00DE3C0A /* objdetect */,
				B0F670251CDE2F4D00DE3C0A /* objdetect.hpp */,
				B0F670261CDE2F4D00DE3C0A /* opencv.hpp */,
				B0F670271CDE2F4D00DE3C0A /* opencv_modules.hpp */,
				B0F670281CDE2F4D00DE3C0A /* photo */,
				B0F6702C1CDE2F4D00DE3C0A /* photo.hpp */,
				B0F6702D1CDE2F4D00DE3C0A /* shape */,
				B0F670331CDE2F4D00DE3C0A /* shape.hpp */,
				B0F670341CDE2F4D00DE3C0A /* stitching */,
				B0F670431CDE2F4D00DE3C0A /* stitching.hpp */,
				B0F670441CDE2F4D00DE3C0A /* superres */,
				B0F670461CDE2F4D00DE3C0A /* superres.hpp */,
				B0F670471CDE2F4D00DE3C0A /* video */,
				B0F6704C1CDE2F4D00DE3C0A /* video.hpp */,
				B0F6704D1CDE2F4D00DE3C0A /* videoio */,
				B0F670511CDE2F4D00DE3C0A /* videoio.hpp */,
				B0F670521CDE2F4D00DE3C0A /* videostab */,
				B0F670611CDE2F4D00DE3C0A /* videostab.hpp */,
			);
			path = opencv2;
			sourceTree = "<group>";
		};
		B0F66F911CDE2F4D00DE3C0A /* calib3d */ = {
			isa = PBXGroup;
			children = (
				B0F66F921CDE2F4D00DE3C0A /* calib3d.hpp */,
				B0F66F931CDE2F4D00DE3C0A /* calib3d_c.h */,
			);
			path = calib3d;
			sourceTree = "<group>";
		};
		B0F66F951CDE2F4D00DE3C0A /* core */ = {
			isa = PBXGroup;
			children = (
				B0F66F961CDE2F4D00DE3C0A /* affine.hpp */,
				B0F66F971CDE2F4D00DE3C0A /* base.hpp */,
				B0F66F981CDE2F4D00DE3C0A /* bufferpool.hpp */,
				B0F66F991CDE2F4D00DE3C0A /* core.hpp */,
				B0F66F9A1CDE2F4D00DE3C0A /* core_c.h */,
				B0F66F9B1CDE2F4D00DE3C0A /* cuda */,
				B0F66FBB1CDE2F4D00DE3C0A /* cuda.hpp */,
				B0F66FBC1CDE2F4D00DE3C0A /* cuda.inl.hpp */,
				B0F66FBD1CDE2F4D00DE3C0A /* cuda_stream_accessor.hpp */,
				B0F66FBE1CDE2F4D00DE3C0A /* cuda_types.hpp */,
				B0F66FBF1CDE2F4D00DE3C0A /* cvdef.h */,
				B0F66FC01CDE2F4D00DE3C0A /* cvstd.hpp */,
				B0F66FC11CDE2F4D00DE3C0A /* cvstd.inl.hpp */,
				B0F66FC21CDE2F4D00DE3C0A /* directx.hpp */,
				B0F66FC31CDE2F4D00DE3C0A /* eigen.hpp */,
				B0F66FC41CDE2F4D00DE3C0A /* fast_math.hpp */,
				B0F66FC51CDE2F4D00DE3C0A /* hal */,
				B0F66FCC1CDE2F4D00DE3C0A /* ippasync.hpp */,
				B0F66FCD1CDE2F4D00DE3C0A /* mat.hpp */,
				B0F66FCE1CDE2F4D00DE3C0A /* mat.inl.hpp */,
				B0F66FCF1CDE2F4D00DE3C0A /* matx.hpp */,
				B0F66FD01CDE2F4D00DE3C0A /* neon_utils.hpp */,
				B0F66FD11CDE2F4D00DE3C0A /* ocl.hpp */,
				B0F66FD21CDE2F4D00DE3C0A /* ocl_genbase.hpp */,
				B0F66FD31CDE2F4D00DE3C0A /* opengl.hpp */,
				B0F66FD41CDE2F4D00DE3C0A /* operations.hpp */,
				B0F66FD51CDE2F4D00DE3C0A /* optim.hpp */,
				B0F66FD61CDE2F4D00DE3C0A /* persistence.hpp */,
				B0F66FD71CDE2F4D00DE3C0A /* private.cuda.hpp */,
				B0F66FD81CDE2F4D00DE3C0A /* private.hpp */,
				B0F66FD91CDE2F4D00DE3C0A /* ptr.inl.hpp */,
				B0F66FDA1CDE2F4D00DE3C0A /* saturate.hpp */,
				B0F66FDB1CDE2F4D00DE3C0A /* sse_utils.hpp */,
				B0F66FDC1CDE2F4D00DE3C0A /* traits.hpp */,
				B0F66FDD1CDE2F4D00DE3C0A /* types.hpp */,
				B0F66FDE1CDE2F4D00DE3C0A /* types_c.h */,
				B0F66FDF1CDE2F4D00DE3C0A /* utility.hpp */,
				B0F66FE01CDE2F4D00DE3C0A /* va_intel.hpp */,
				B0F66FE11CDE2F4D00DE3C0A /* version.hpp */,
				B0F66FE21CDE2F4D00DE3C0A /* wimage.hpp */,
			);
			path = core;
			sourceTree = "<group>";
		};
		B0F66F9B1CDE2F4D00DE3C0A /* cuda */ = {
			isa = PBXGroup;
			children = (
				B0F66F9C1CDE2F4D00DE3C0A /* block.hpp */,
				B0F66F9D1CDE2F4D00DE3C0A /* border_interpolate.hpp */,
				B0F66F9E1CDE2F4D00DE3C0A /* color.hpp */,
				B0F66F9F1CDE2F4D00DE3C0A /* common.hpp */,
				B0F66FA01CDE2F4D00DE3C0A /* datamov_utils.hpp */,
				B0F66FA11CDE2F4D00DE3C0A /* detail */,
				B0F66FA81CDE2F4D00DE3C0A /* dynamic_smem.hpp */,
				B0F66FA91CDE2F4D00DE3C0A /* emulation.hpp */,
				B0F66FAA1CDE2F4D00DE3C0A /* filters.hpp */,
				B0F66FAB1CDE2F4D00DE3C0A /* funcattrib.hpp */,
				B0F66FAC1CDE2F4D00DE3C0A /* functional.hpp */,
				B0F66FAD1CDE2F4D00DE3C0A /* limits.hpp */,
				B0F66FAE1CDE2F4D00DE3C0A /* reduce.hpp */,
				B0F66FAF1CDE2F4D00DE3C0A /* saturate_cast.hpp */,
				B0F66FB01CDE2F4D00DE3C0A /* scan.hpp */,
				B0F66FB11CDE2F4D00DE3C0A /* simd_functions.hpp */,
				B0F66FB21CDE2F4D00DE3C0A /* transform.hpp */,
				B0F66FB31CDE2F4D00DE3C0A /* type_traits.hpp */,
				B0F66FB41CDE2F4D00DE3C0A /* utility.hpp */,
				B0F66FB51CDE2F4D00DE3C0A /* vec_distance.hpp */,
				B0F66FB61CDE2F4D00DE3C0A /* vec_math.hpp */,
				B0F66FB71CDE2F4D00DE3C0A /* vec_traits.hpp */,
				B0F66FB81CDE2F4D00DE3C0A /* warp.hpp */,
				B0F66FB91CDE2F4D00DE3C0A /* warp_reduce.hpp */,
				B0F66FBA1CDE2F4D00DE3C0A /* warp_shuffle.hpp */,
			);
			path = cuda;
			sourceTree = "<group>";
		};
		B0F66FA11CDE2F4D00DE3C0A /* detail */ = {
			isa = PBXGroup;
			children = (
				B0F66FA21CDE2F4D00DE3C0A /* color_detail.hpp */,
				B0F66FA31CDE2F4D00DE3C0A /* reduce.hpp */,
				B0F66FA41CDE2F4D00DE3C0A /* reduce_key_val.hpp */,
				B0F66FA51CDE2F4D00DE3C0A /* transform_detail.hpp */,
				B0F66FA61CDE2F4D00DE3C0A /* type_traits_detail.hpp */,
				B0F66FA71CDE2F4D00DE3C0A /* vec_distance_detail.hpp */,
			);
			path = detail;
			sourceTree = "<group>";
		};
		B0F66FC51CDE2F4D00DE3C0A /* hal */ = {
			isa = PBXGroup;
			children = (
				B0F66FC61CDE2F4D00DE3C0A /* hal.hpp */,
				B0F66FC71CDE2F4D00DE3C0A /* interface.h */,
				B0F66FC81CDE2F4D00DE3C0A /* intrin.hpp */,
				B0F66FC91CDE2F4D00DE3C0A /* intrin_cpp.hpp */,
				B0F66FCA1CDE2F4D00DE3C0A /* intrin_neon.hpp */,
				B0F66FCB1CDE2F4D00DE3C0A /* intrin_sse.hpp */,
			);
			path = hal;
			sourceTree = "<group>";
		};
		B0F66FE51CDE2F4D00DE3C0A /* features2d */ = {
			isa = PBXGroup;
			children = (
				B0F66FE61CDE2F4D00DE3C0A /* features2d.hpp */,
			);
			path = features2d;
			sourceTree = "<group>";
		};
		B0F66FE81CDE2F4D00DE3C0A /* flann */ = {
			isa = PBXGroup;
			children = (
				B0F66FE91CDE2F4D00DE3C0A /* all_indices.h */,
				B0F66FEA1CDE2F4D00DE3C0A /* allocator.h */,
				B0F66FEB1CDE2F4D00DE3C0A /* any.h */,
				B0F66FEC1CDE2F4D00DE3C0A /* autotuned_index.h */,
				B0F66FED1CDE2F4D00DE3C0A /* composite_index.h */,
				B0F66FEE1CDE2F4D00DE3C0A /* config.h */,
				B0F66FEF1CDE2F4D00DE3C0A /* defines.h */,
				B0F66FF01CDE2F4D00DE3C0A /* dist.h */,
				B0F66FF11CDE2F4D00DE3C0A /* dummy.h */,
				B0F66FF21CDE2F4D00DE3C0A /* dynamic_bitset.h */,
				B0F66FF31CDE2F4D00DE3C0A /* flann.hpp */,
				B0F66FF41CDE2F4D00DE3C0A /* flann_base.hpp */,
				B0F66FF51CDE2F4D00DE3C0A /* general.h */,
				B0F66FF61CDE2F4D00DE3C0A /* ground_truth.h */,
				B0F66FF71CDE2F4D00DE3C0A /* hdf5.h */,
				B0F66FF81CDE2F4D00DE3C0A /* heap.h */,
				B0F66FF91CDE2F4D00DE3C0A /* hierarchical_clustering_index.h */,
				B0F66FFA1CDE2F4D00DE3C0A /* index_testing.h */,
				B0F66FFB1CDE2F4D00DE3C0A /* kdtree_index.h */,
				B0F66FFC1CDE2F4D00DE3C0A /* kdtree_single_index.h */,
				B0F66FFD1CDE2F4D00DE3C0A /* kmeans_index.h */,
				B0F66FFE1CDE2F4D00DE3C0A /* linear_index.h */,
				B0F66FFF1CDE2F4D00DE3C0A /* logger.h */,
				B0F670001CDE2F4D00DE3C0A /* lsh_index.h */,
				B0F670011CDE2F4D00DE3C0A /* lsh_table.h */,
				B0F670021CDE2F4D00DE3C0A /* matrix.h */,
				B0F670031CDE2F4D00DE3C0A /* miniflann.hpp */,
				B0F670041CDE2F4D00DE3C0A /* nn_index.h */,
				B0F670051CDE2F4D00DE3C0A /* object_factory.h */,
				B0F670061CDE2F4D00DE3C0A /* params.h */,
				B0F670071CDE2F4D00DE3C0A /* random.h */,
				B0F670081CDE2F4D00DE3C0A /* result_set.h */,
				B0F670091CDE2F4D00DE3C0A /* sampling.h */,
				B0F6700A1CDE2F4D00DE3C0A /* saving.h */,
				B0F6700B1CDE2F4D00DE3C0A /* simplex_downhill.h */,
				B0F6700C1CDE2F4D00DE3C0A /* timer.h */,
			);
			path = flann;
			sourceTree = "<group>";
		};
		B0F6700E1CDE2F4D00DE3C0A /* highgui */ = {
			isa = PBXGroup;
			children = (
				B0F6700F1CDE2F4D00DE3C0A /* highgui.hpp */,
				B0F670101CDE2F4D00DE3C0A /* highgui_c.h */,
			);
			path = highgui;
			sourceTree = "<group>";
		};
		B0F670121CDE2F4D00DE3C0A /* imgcodecs */ = {
			isa = PBXGroup;
			children = (
				B0F670131CDE2F4D00DE3C0A /* imgcodecs.hpp */,
				B0F670141CDE2F4D00DE3C0A /* imgcodecs_c.h */,
				B0F670151CDE2F4D00DE3C0A /* ios.h */,
			);
			path = imgcodecs;
			sourceTree = "<group>";
		};
		B0F670171CDE2F4D00DE3C0A /* imgproc */ = {
			isa = PBXGroup;
			children = (
				B0F670181CDE2F4D00DE3C0A /* detail */,
				B0F6701A1CDE2F4D00DE3C0A /* imgproc.hpp */,
				B0F6701B1CDE2F4D00DE3C0A /* imgproc_c.h */,
				B0F6701C1CDE2F4D00DE3C0A /* types_c.h */,
			);
			path = imgproc;
			sourceTree = "<group>";
		};
		B0F670181CDE2F4D00DE3C0A /* detail */ = {
			isa = PBXGroup;
			children = (
				B0F670191CDE2F4D00DE3C0A /* distortion_model.hpp */,
			);
			path = detail;
			sourceTree = "<group>";
		};
		B0F6701E1CDE2F4D00DE3C0A /* ml */ = {
			isa = PBXGroup;
			children = (
				B0F6701F1CDE2F4D00DE3C0A /* ml.hpp */,
			);
			path = ml;
			sourceTree = "<group>";
		};
		B0F670211CDE2F4D00DE3C0A /* objdetect */ = {
			isa = PBXGroup;
			children = (
				B0F670221CDE2F4D00DE3C0A /* detection_based_tracker.hpp */,
				B0F670231CDE2F4D00DE3C0A /* objdetect.hpp */,
				B0F670241CDE2F4D00DE3C0A /* objdetect_c.h */,
			);
			path = objdetect;
			sourceTree = "<group>";
		};
		B0F670281CDE2F4D00DE3C0A /* photo */ = {
			isa = PBXGroup;
			children = (
				B0F670291CDE2F4D00DE3C0A /* cuda.hpp */,
				B0F6702A1CDE2F4D00DE3C0A /* photo.hpp */,
				B0F6702B1CDE2F4D00DE3C0A /* photo_c.h */,
			);
			path = photo;
			sourceTree = "<group>";
		};
		B0F6702D1CDE2F4D00DE3C0A /* shape */ = {
			isa = PBXGroup;
			children = (
				B0F6702E1CDE2F4D00DE3C0A /* emdL1.hpp */,
				B0F6702F1CDE2F4D00DE3C0A /* hist_cost.hpp */,
				B0F670301CDE2F4D00DE3C0A /* shape.hpp */,
				B0F670311CDE2F4D00DE3C0A /* shape_distance.hpp */,
				B0F670321CDE2F4D00DE3C0A /* shape_transformer.hpp */,
			);
			path = shape;
			sourceTree = "<group>";
		};
		B0F670341CDE2F4D00DE3C0A /* stitching */ = {
			isa = PBXGroup;
			children = (
				B0F670351CDE2F4D00DE3C0A /* detail */,
				B0F670421CDE2F4D00DE3C0A /* warpers.hpp */,
			);
			path = stitching;
			sourceTree = "<group>";
		};
		B0F670351CDE2F4D00DE3C0A /* detail */ = {
			isa = PBXGroup;
			children = (
				B0F670361CDE2F4D00DE3C0A /* autocalib.hpp */,
				B0F670371CDE2F4D00DE3C0A /* blenders.hpp */,
				B0F670381CDE2F4D00DE3C0A /* camera.hpp */,
				B0F670391CDE2F4D00DE3C0A /* exposure_compensate.hpp */,
				B0F6703A1CDE2F4D00DE3C0A /* matchers.hpp */,
				B0F6703B1CDE2F4D00DE3C0A /* motion_estimators.hpp */,
				B0F6703C1CDE2F4D00DE3C0A /* seam_finders.hpp */,
				B0F6703D1CDE2F4D00DE3C0A /* timelapsers.hpp */,
				B0F6703E1CDE2F4D00DE3C0A /* util.hpp */,
				B0F6703F1CDE2F4D00DE3C0A /* util_inl.hpp */,
				B0F670401CDE2F4D00DE3C0A /* warpers.hpp */,
				B0F670411CDE2F4D00DE3C0A /* warpers_inl.hpp */,
			);
			path = detail;
			sourceTree = "<group>";
		};
		B0F670441CDE2F4D00DE3C0A /* superres */ = {
			isa = PBXGroup;
			children = (
				B0F670451CDE2F4D00DE3C0A /* optical_flow.hpp */,
			);
			path = superres;
			sourceTree = "<group>";
		};
		B0F670471CDE2F4D00DE3C0A /* video */ = {
			isa = PBXGroup;
			children = (
				B0F670481CDE2F4D00DE3C0A /* background_segm.hpp */,
				B0F670491CDE2F4D00DE3C0A /* tracking.hpp */,
				B0F6704A1CDE2F4D00DE3C0A /* tracking_c.h */,
				B0F6704B1CDE2F4D00DE3C0A /* video.hpp */,
			);
			path = video;
			sourceTree = "<group>";
		};
		B0F6704D1CDE2F4D00DE3C0A /* videoio */ = {
			isa = PBXGroup;
			children = (
				B0F6704E1CDE2F4D00DE3C0A /* cap_ios.h */,
				B0F6704F1CDE2F4D00DE3C0A /* videoio.hpp */,
				B0F670501CDE2F4D00DE3C0A /* videoio_c.h */,
			);
			path = videoio;
			sourceTree = "<group>";
		};
		B0F670521CDE2F4D00DE3C0A /* videostab */ = {
			isa = PBXGroup;
			children = (
				B0F670531CDE2F4D00DE3C0A /* deblurring.hpp */,
				B0F670541CDE2F4D00DE3C0A /* fast_marching.hpp */,
				B0F670551CDE2F4D00DE3C0A /* fast_marching_inl.hpp */,
				B0F670561CDE2F4D00DE3C0A /* frame_source.hpp */,
				B0F670571CDE2F4D00DE3C0A /* global_motion.hpp */,
				B0F670581CDE2F4D00DE3C0A /* inpainting.hpp */,
				B0F670591CDE2F4D00DE3C0A /* log.hpp */,
				B0F6705A1CDE2F4D00DE3C0A /* motion_core.hpp */,
				B0F6705B1CDE2F4D00DE3C0A /* motion_stabilizing.hpp */,
				B0F6705C1CDE2F4D00DE3C0A /* optical_flow.hpp */,
				B0F6705D1CDE2F4D00DE3C0A /* outlier_rejection.hpp */,
				B0F6705E1CDE2F4D00DE3C0A /* ring_buffer.hpp */,
				B0F6705F1CDE2F4D00DE3C0A /* stabilizer.hpp */,
				B0F670601CDE2F4D00DE3C0A /* wobble_suppression.hpp */,
			);
			path = videostab;
			sourceTree = "<group>";
		};
		B0F670621CDE2F4D00DE3C0A /* lib */ = {
			isa = PBXGroup;
			children = (
				B0F670AD1CDE2F4D00DE3C0A /* osx */,
			);
			path = lib;
			sourceTree = "<group>";
		};
		B0F670AD1CDE2F4D00DE3C0A /* osx */ = {
			isa = PBXGroup;
			children = (
				B0F670AE1CDE2F4D00DE3C0A /* opencv.a */,
			);
			path = osx;
			sourceTree = "<group>";
		};
		B0F670FE1CDE2F4D00DE3C0A /* license */ = {
			isa = PBXGroup;
			children = (
				B0F670FF1CDE2F4D00DE3C0A /* LICENSE */,
			);
			path = license;
			sourceTree = "<group>";
		};
		BB4B014C10F69532006C3DED /* addons */ = {
			isa = PBXGroup;
			children = (
				AD7814744533132E24C1FA28 /* ofxGLWarper */,
				1F4FB5C423662B96ADFDCC0B /* ofxXmlSettings */,
				B0F66F6E1CDE2F4D00DE3C0A /* ofxOpenCv */,
			);
			name = addons;
			sourceTree = "<group>";
		};
		E4328144138ABC890047C5CB /* Products */ = {
			isa = PBXGroup;
			children = (
				E4328148138ABC890047C5CB /* openFrameworksDebug.a */,
			);
			name = Products;
			sourceTree = "<group>";
		};
		E4B69B4A0A3A1720003C02F2 = {
			isa = PBXGroup;
			children = (
				E4B6FCAD0C3E899E008CF71C /* openFrameworks-Info.plist */,
				E4EB6923138AFD0F00A09F29 /* Project.xcconfig */,
				E4B69E1C0A3A1BDC003C02F2 /* src */,
				E4EEC9E9138DF44700A80321 /* openFrameworks */,
				BB4B014C10F69532006C3DED /* addons */,
				6948EE371B920CB800B5AC1A /* local_addons */,
				E4B69B5B0A3A1756003C02F2 /* example-A_bit_more_complexDebug.app */,
			);
			sourceTree = "<group>";
		};
		E4B69E1C0A3A1BDC003C02F2 /* src */ = {
			isa = PBXGroup;
			children = (
				E4B69E1D0A3A1BDC003C02F2 /* main.cpp */,
				E4B69E1E0A3A1BDC003C02F2 /* ofApp.cpp */,
				E4B69E1F0A3A1BDC003C02F2 /* ofApp.h */,
			);
			path = src;
			sourceTree = SOURCE_ROOT;
		};
		E4EEC9E9138DF44700A80321 /* openFrameworks */ = {
			isa = PBXGroup;
			children = (
				E4EB691F138AFCF100A09F29 /* CoreOF.xcconfig */,
				E4328143138ABC890047C5CB /* openFrameworksLib.xcodeproj */,
			);
			name = openFrameworks;
			sourceTree = "<group>";
		};
		EACF88951E9EEA95503B05A5 /* src */ = {
			isa = PBXGroup;
			children = (
				AF6209C5F82972D99DE8A1D2 /* ofxGLWarper.cpp */,
				D9D2C189892ACF2F28E0B18A /* ofxGLWarper.h */,
			);
			name = src;
			sourceTree = "<group>";
		};
/* End PBXGroup section */

/* Begin PBXNativeTarget section */
		E4B69B5A0A3A1756003C02F2 /* example-A_bit_more_complex */ = {
			isa = PBXNativeTarget;
			buildConfigurationList = E4B69B5F0A3A1757003C02F2 /* Build configuration list for PBXNativeTarget "example-A_bit_more_complex" */;
			buildPhases = (
				E4B69B580A3A1756003C02F2 /* Sources */,
				E4B69B590A3A1756003C02F2 /* Frameworks */,
				E4B6FFFD0C3F9AB9008CF71C /* ShellScript */,
				E4C2427710CC5ABF004149E2 /* CopyFiles */,
				8466F1851C04CA0E00918B1C /* ShellScript */,
			);
			buildRules = (
			);
			dependencies = (
				E4EEB9AC138B136A00A80321 /* PBXTargetDependency */,
			);
			name = "example-A_bit_more_complex";
			productName = myOFApp;
			productReference = E4B69B5B0A3A1756003C02F2 /* example-A_bit_more_complexDebug.app */;
			productType = "com.apple.product-type.application";
		};
/* End PBXNativeTarget section */

/* Begin PBXProject section */
		E4B69B4C0A3A1720003C02F2 /* Project object */ = {
			isa = PBXProject;
			attributes = {
				LastUpgradeCheck = 0600;
			};
			buildConfigurationList = E4B69B4D0A3A1720003C02F2 /* Build configuration list for PBXProject "example-A_bit_more_complex" */;
			compatibilityVersion = "Xcode 3.2";
			developmentRegion = English;
			hasScannedForEncodings = 0;
			knownRegions = (
				English,
				Japanese,
				French,
				German,
			);
			mainGroup = E4B69B4A0A3A1720003C02F2;
			productRefGroup = E4B69B4A0A3A1720003C02F2;
			projectDirPath = "";
			projectReferences = (
				{
					ProductGroup = E4328144138ABC890047C5CB /* Products */;
					ProjectRef = E4328143138ABC890047C5CB /* openFrameworksLib.xcodeproj */;
				},
			);
			projectRoot = "";
			targets = (
				E4B69B5A0A3A1756003C02F2 /* example-A_bit_more_complex */,
			);
		};
/* End PBXProject section */

/* Begin PBXReferenceProxy section */
		E4328148138ABC890047C5CB /* openFrameworksDebug.a */ = {
			isa = PBXReferenceProxy;
			fileType = archive.ar;
			path = openFrameworksDebug.a;
			remoteRef = E4328147138ABC890047C5CB /* PBXContainerItemProxy */;
			sourceTree = BUILT_PRODUCTS_DIR;
		};
/* End PBXReferenceProxy section */

/* Begin PBXShellScriptBuildPhase section */
		8466F1851C04CA0E00918B1C /* ShellScript */ = {
			isa = PBXShellScriptBuildPhase;
			buildActionMask = 12;
			files = (
			);
			inputPaths = (
			);
			outputPaths = (
			);
			runOnlyForDeploymentPostprocessing = 0;
			shellPath = /bin/sh;
			shellScript = "# ---- Code Sign App Package ----\n \n# WARNING: You may have to run Clean in Xcode after changing CODE_SIGN_IDENTITY!\n\n# Verify that $CODE_SIGN_IDENTITY is set\nif [ -z \"${CODE_SIGN_IDENTITY}\" ] ; then\necho \"CODE_SIGN_IDENTITY needs to be set for framework code-signing\"\nexit 0\nfi\n\nif [ -z \"${CODE_SIGN_ENTITLEMENTS}\" ] ; then\necho \"CODE_SIGN_ENTITLEMENTS needs to be set for framework code-signing!\"\n\nif [ \"${CONFIGURATION}\" = \"Release\" ] ; then\nexit 1\nelse\n# Code-signing is optional for non-release builds.\nexit 0\nfi\nfi\n\nITEMS=\"\"\n\nFRAMEWORKS_DIR=\"${TARGET_BUILD_DIR}/${FRAMEWORKS_FOLDER_PATH}\"\necho \"$FRAMEWORKS_DIR\"\nif [ -d \"$FRAMEWORKS_DIR\" ] ; then\nFRAMEWORKS=$(find \"${FRAMEWORKS_DIR}\" -depth -type d -name \"*.framework\" -or -name \"*.dylib\" -or -name \"*.bundle\" | sed -e \"s/\\(.*framework\\)/\\1\\/Versions\\/A\\//\")\nRESULT=$?\nif [[ $RESULT != 0 ]] ; then\nexit 1\nfi\n\nITEMS=\"${FRAMEWORKS}\"\nfi\n\nLOGINITEMS_DIR=\"${TARGET_BUILD_DIR}/${CONTENTS_FOLDER_PATH}/Library/LoginItems/\"\nif [ -d \"$LOGINITEMS_DIR\" ] ; then\nLOGINITEMS=$(find \"${LOGINITEMS_DIR}\" -depth -type d -name \"*.app\")\nRESULT=$?\nif [[ $RESULT != 0 ]] ; then\nexit 1\nfi\n\nITEMS=\"${ITEMS}\"$'\\n'\"${LOGINITEMS}\"\nfi\n\n# Prefer the expanded name, if available.\nCODE_SIGN_IDENTITY_FOR_ITEMS=\"${EXPANDED_CODE_SIGN_IDENTITY_NAME}\"\nif [ \"${CODE_SIGN_IDENTITY_FOR_ITEMS}\" = \"\" ] ; then\n# Fall back to old behavior.\nCODE_SIGN_IDENTITY_FOR_ITEMS=\"${CODE_SIGN_IDENTITY}\"\nfi\n\necho \"Identity:\"\necho \"${CODE_SIGN_IDENTITY_FOR_ITEMS}\"\n\necho \"Entitlements:\"\necho \"${CODE_SIGN_ENTITLEMENTS}\"\n\necho \"Found:\"\necho \"${ITEMS}\"\n\n# Change the Internal Field Separator (IFS) so that spaces in paths will not cause problems below.\nSAVED_IFS=$IFS\nIFS=$(echo -en \"\\n\\b\")\n\n# Loop through all items.\nfor ITEM in $ITEMS;\ndo\necho \"Signing '${ITEM}'\"\ncodesign --force --verbose --sign \"${CODE_SIGN_IDENTITY_FOR_ITEMS}\" --entitlements \"${CODE_SIGN_ENTITLEMENTS}\" \"${ITEM}\"\nRESULT=$?\nif [[ $RESULT != 0 ]] ; then\necho \"Failed to sign '${ITEM}'.\"\nIFS=$SAVED_IFS\nexit 1\nfi\ndone\n\n# Restore $IFS.\nIFS=$SAVED_IFS\n";
		};
		E4B6FFFD0C3F9AB9008CF71C /* ShellScript */ = {
			isa = PBXShellScriptBuildPhase;
			buildActionMask = 2147483647;
			files = (
			);
			inputPaths = (
			);
			outputPaths = (
			);
			runOnlyForDeploymentPostprocessing = 0;
			shellPath = /bin/sh;
			shellScript = "mkdir -p \"$TARGET_BUILD_DIR/$PRODUCT_NAME.app/Contents/Resources/\"\n# Copy default icon file into App/Resources\nrsync -aved \"$ICON_FILE\" \"$TARGET_BUILD_DIR/$PRODUCT_NAME.app/Contents/Resources/\"\n# Copy bin/data into App/Resources\nrsync -avz --exclude='.DS_Store' \"${SRCROOT}/bin/data/\" \"${TARGET_BUILD_DIR}/${UNLOCALIZED_RESOURCES_FOLDER_PATH}/data/\"\n# Copy libfmod and change install directory for fmod to run\nrsync -aved ../../../libs/fmodex/lib/osx/libfmodex.dylib \"$TARGET_BUILD_DIR/$PRODUCT_NAME.app/Contents/Frameworks/\";\ninstall_name_tool -change @executable_path/libfmodex.dylib @executable_path/../Frameworks/libfmodex.dylib \"$TARGET_BUILD_DIR/$PRODUCT_NAME.app/Contents/MacOS/$PRODUCT_NAME\";\n# Copy GLUT framework (must remove for AppStore submissions)\nrsync -aved ../../../libs/glut/lib/osx/GLUT.framework \"$TARGET_BUILD_DIR/$PRODUCT_NAME.app/Contents/Frameworks/\"\n";
		};
/* End PBXShellScriptBuildPhase section */

/* Begin PBXSourcesBuildPhase section */
		E4B69B580A3A1756003C02F2 /* Sources */ = {
			isa = PBXSourcesBuildPhase;
			buildActionMask = 2147483647;
			files = (
				E4B69E200A3A1BDC003C02F2 /* main.cpp in Sources */,
				E4B69E210A3A1BDC003C02F2 /* ofApp.cpp in Sources */,
				B0F671011CDE2F4D00DE3C0A /* ofxCvContourFinder.cpp in Sources */,
				B0F671031CDE2F4D00DE3C0A /* ofxCvGrayscaleImage.cpp in Sources */,
				B0F671021CDE2F4D00DE3C0A /* ofxCvFloatImage.cpp in Sources */,
				4E847D04587AE2FA1597E2F4 /* ofxGLWarper.cpp in Sources */,
				B0F671041CDE2F4D00DE3C0A /* ofxCvHaarFinder.cpp in Sources */,
				63B57AC5BF4EF088491E0317 /* ofxXmlSettings.cpp in Sources */,
				B0F671001CDE2F4D00DE3C0A /* ofxCvColorImage.cpp in Sources */,
				933A2227713C720CEFF80FD9 /* tinyxml.cpp in Sources */,
				9D44DC88EF9E7991B4A09951 /* tinyxmlerror.cpp in Sources */,
				B0F671061CDE2F4D00DE3C0A /* ofxCvShortImage.cpp in Sources */,
				B0F671051CDE2F4D00DE3C0A /* ofxCvImage.cpp in Sources */,
				5A4349E9754D6FA14C0F2A3A /* tinyxmlparser.cpp in Sources */,
			);
			runOnlyForDeploymentPostprocessing = 0;
		};
/* End PBXSourcesBuildPhase section */

/* Begin PBXTargetDependency section */
		E4EEB9AC138B136A00A80321 /* PBXTargetDependency */ = {
			isa = PBXTargetDependency;
			name = openFrameworks;
			targetProxy = E4EEB9AB138B136A00A80321 /* PBXContainerItemProxy */;
		};
/* End PBXTargetDependency section */

/* Begin XCBuildConfiguration section */
		E4B69B4E0A3A1720003C02F2 /* Debug */ = {
			isa = XCBuildConfiguration;
			baseConfigurationReference = E4EB6923138AFD0F00A09F29 /* Project.xcconfig */;
			buildSettings = {
				CONFIGURATION_BUILD_DIR = "$(SRCROOT)/bin/";
				COPY_PHASE_STRIP = NO;
				DEAD_CODE_STRIPPING = YES;
				GCC_AUTO_VECTORIZATION = YES;
				GCC_ENABLE_SSE3_EXTENSIONS = YES;
				GCC_ENABLE_SUPPLEMENTAL_SSE3_INSTRUCTIONS = YES;
				GCC_INLINES_ARE_PRIVATE_EXTERN = NO;
				GCC_OPTIMIZATION_LEVEL = 0;
				GCC_SYMBOLS_PRIVATE_EXTERN = NO;
				GCC_WARN_ABOUT_DEPRECATED_FUNCTIONS = YES;
				GCC_WARN_ABOUT_INVALID_OFFSETOF_MACRO = NO;
				GCC_WARN_ALLOW_INCOMPLETE_PROTOCOL = NO;
				GCC_WARN_UNINITIALIZED_AUTOS = NO;
				GCC_WARN_UNUSED_VALUE = NO;
				GCC_WARN_UNUSED_VARIABLE = NO;
				HEADER_SEARCH_PATHS = (
					"$(OF_CORE_HEADERS)",
					src,
					../../../addons/ofxGLWarper/src,
					../../../addons/ofxOpenCv/libs,
					../../../addons/ofxOpenCv/libs/opencv,
					../../../addons/ofxOpenCv/libs/opencv/include,
					../../../addons/ofxOpenCv/libs/opencv/include/opencv,
					../../../addons/ofxOpenCv/libs/opencv/include/opencv2,
					../../../addons/ofxOpenCv/libs/opencv/include/opencv2/calib3d,
					../../../addons/ofxOpenCv/libs/opencv/include/opencv2/contrib,
					../../../addons/ofxOpenCv/libs/opencv/include/opencv2/core,
					../../../addons/ofxOpenCv/libs/opencv/include/opencv2/features2d,
					../../../addons/ofxOpenCv/libs/opencv/include/opencv2/flann,
					../../../addons/ofxOpenCv/libs/opencv/include/opencv2/gpu,
					../../../addons/ofxOpenCv/libs/opencv/include/opencv2/gpu/device,
					../../../addons/ofxOpenCv/libs/opencv/include/opencv2/gpu/device/detail,
					../../../addons/ofxOpenCv/libs/opencv/include/opencv2/highgui,
					../../../addons/ofxOpenCv/libs/opencv/include/opencv2/imgproc,
					../../../addons/ofxOpenCv/libs/opencv/include/opencv2/legacy,
					../../../addons/ofxOpenCv/libs/opencv/include/opencv2/ml,
					../../../addons/ofxOpenCv/libs/opencv/include/opencv2/nonfree,
					../../../addons/ofxOpenCv/libs/opencv/include/opencv2/objdetect,
					../../../addons/ofxOpenCv/libs/opencv/include/opencv2/photo,
					../../../addons/ofxOpenCv/libs/opencv/include/opencv2/stitching,
					../../../addons/ofxOpenCv/libs/opencv/include/opencv2/stitching/detail,
					../../../addons/ofxOpenCv/libs/opencv/include/opencv2/superres,
					../../../addons/ofxOpenCv/libs/opencv/include/opencv2/ts,
					../../../addons/ofxOpenCv/libs/opencv/include/opencv2/video,
					../../../addons/ofxOpenCv/libs/opencv/include/opencv2/videostab,
					../../../addons/ofxOpenCv/libs/opencv/lib,
					../../../addons/ofxOpenCv/libs/opencv/lib/emscripten,
					../../../addons/ofxOpenCv/libs/opencv/lib/osx,
					../../../addons/ofxOpenCv/libs/opencv/license,
					../../../addons/ofxOpenCv/src,
					../../../addons/ofxXmlSettings/libs,
					../../../addons/ofxXmlSettings/src,
				);
				MACOSX_DEPLOYMENT_TARGET = 10.8;
				ONLY_ACTIVE_ARCH = YES;
				OTHER_CPLUSPLUSFLAGS = (
					"-D__MACOSX_CORE__",
					"-mtune=native",
				);
				OTHER_LDFLAGS = (
					"$(OF_CORE_FRAMEWORKS)",
					"$(OF_CORE_LIBS)",
					../../../addons/ofxOpenCv/libs/opencv/lib/osx/opencv.a,
				);
				SDKROOT = macosx;
			};
			name = Debug;
		};
		E4B69B4F0A3A1720003C02F2 /* Release */ = {
			isa = XCBuildConfiguration;
			baseConfigurationReference = E4EB6923138AFD0F00A09F29 /* Project.xcconfig */;
			buildSettings = {
				CONFIGURATION_BUILD_DIR = "$(SRCROOT)/bin/";
				COPY_PHASE_STRIP = YES;
				DEAD_CODE_STRIPPING = YES;
				GCC_AUTO_VECTORIZATION = YES;
				GCC_ENABLE_SSE3_EXTENSIONS = YES;
				GCC_ENABLE_SUPPLEMENTAL_SSE3_INSTRUCTIONS = YES;
				GCC_INLINES_ARE_PRIVATE_EXTERN = NO;
				GCC_OPTIMIZATION_LEVEL = 3;
				GCC_SYMBOLS_PRIVATE_EXTERN = NO;
				GCC_UNROLL_LOOPS = YES;
				GCC_WARN_ABOUT_DEPRECATED_FUNCTIONS = YES;
				GCC_WARN_ABOUT_INVALID_OFFSETOF_MACRO = NO;
				GCC_WARN_ALLOW_INCOMPLETE_PROTOCOL = NO;
				GCC_WARN_UNINITIALIZED_AUTOS = NO;
				GCC_WARN_UNUSED_VALUE = NO;
				GCC_WARN_UNUSED_VARIABLE = NO;
				HEADER_SEARCH_PATHS = (
					"$(OF_CORE_HEADERS)",
					src,
					../../../addons/ofxGLWarper/src,
					../../../addons/ofxOpenCv/libs,
					../../../addons/ofxOpenCv/libs/opencv,
					../../../addons/ofxOpenCv/libs/opencv/include,
					../../../addons/ofxOpenCv/libs/opencv/include/opencv,
					../../../addons/ofxOpenCv/libs/opencv/include/opencv2,
					../../../addons/ofxOpenCv/libs/opencv/include/opencv2/calib3d,
					../../../addons/ofxOpenCv/libs/opencv/include/opencv2/contrib,
					../../../addons/ofxOpenCv/libs/opencv/include/opencv2/core,
					../../../addons/ofxOpenCv/libs/opencv/include/opencv2/features2d,
					../../../addons/ofxOpenCv/libs/opencv/include/opencv2/flann,
					../../../addons/ofxOpenCv/libs/opencv/include/opencv2/gpu,
					../../../addons/ofxOpenCv/libs/opencv/include/opencv2/gpu/device,
					../../../addons/ofxOpenCv/libs/opencv/include/opencv2/gpu/device/detail,
					../../../addons/ofxOpenCv/libs/opencv/include/opencv2/highgui,
					../../../addons/ofxOpenCv/libs/opencv/include/opencv2/imgproc,
					../../../addons/ofxOpenCv/libs/opencv/include/opencv2/legacy,
					../../../addons/ofxOpenCv/libs/opencv/include/opencv2/ml,
					../../../addons/ofxOpenCv/libs/opencv/include/opencv2/nonfree,
					../../../addons/ofxOpenCv/libs/opencv/include/opencv2/objdetect,
					../../../addons/ofxOpenCv/libs/opencv/include/opencv2/photo,
					../../../addons/ofxOpenCv/libs/opencv/include/opencv2/stitching,
					../../../addons/ofxOpenCv/libs/opencv/include/opencv2/stitching/detail,
					../../../addons/ofxOpenCv/libs/opencv/include/opencv2/superres,
					../../../addons/ofxOpenCv/libs/opencv/include/opencv2/ts,
					../../../addons/ofxOpenCv/libs/opencv/include/opencv2/video,
					../../../addons/ofxOpenCv/libs/opencv/include/opencv2/videostab,
					../../../addons/ofxOpenCv/libs/opencv/lib,
					../../../addons/ofxOpenCv/libs/opencv/lib/emscripten,
					../../../addons/ofxOpenCv/libs/opencv/lib/osx,
					../../../addons/ofxOpenCv/libs/opencv/license,
					../../../addons/ofxOpenCv/src,
					../../../addons/ofxXmlSettings/libs,
					../../../addons/ofxXmlSettings/src,
				);
				MACOSX_DEPLOYMENT_TARGET = 10.8;
				OTHER_CPLUSPLUSFLAGS = (
					"-D__MACOSX_CORE__",
					"-mtune=native",
				);
				OTHER_LDFLAGS = (
					"$(OF_CORE_FRAMEWORKS)",
					"$(OF_CORE_LIBS)",
					../../../addons/ofxOpenCv/libs/opencv/lib/osx/opencv.a,
				);
				SDKROOT = macosx;
			};
			name = Release;
		};
		E4B69B600A3A1757003C02F2 /* Debug */ = {
			isa = XCBuildConfiguration;
			baseConfigurationReference = E4EB6923138AFD0F00A09F29 /* Project.xcconfig */;
			buildSettings = {
				COMBINE_HIDPI_IMAGES = YES;
				COPY_PHASE_STRIP = NO;
				FRAMEWORK_SEARCH_PATHS = (
					"$(inherited)",
					"$(FRAMEWORK_SEARCH_PATHS_QUOTED_FOR_TARGET_1)",
				);
				FRAMEWORK_SEARCH_PATHS_QUOTED_FOR_TARGET_1 = "\"$(SRCROOT)/../../../libs/glut/lib/osx\"";
				GCC_DYNAMIC_NO_PIC = NO;
				GCC_GENERATE_DEBUGGING_SYMBOLS = YES;
				GCC_MODEL_TUNING = NONE;
				HEADER_SEARCH_PATHS = (
					"$(OF_CORE_HEADERS)",
					src,
					../../../addons/ofxGLWarper/src,
					../../../addons/ofxOpenCv/libs,
					../../../addons/ofxOpenCv/libs/opencv,
					../../../addons/ofxOpenCv/libs/opencv/include,
					../../../addons/ofxOpenCv/libs/opencv/include/opencv,
					../../../addons/ofxOpenCv/libs/opencv/include/opencv2,
					../../../addons/ofxOpenCv/libs/opencv/include/opencv2/calib3d,
					../../../addons/ofxOpenCv/libs/opencv/include/opencv2/contrib,
					../../../addons/ofxOpenCv/libs/opencv/include/opencv2/core,
					../../../addons/ofxOpenCv/libs/opencv/include/opencv2/features2d,
					../../../addons/ofxOpenCv/libs/opencv/include/opencv2/flann,
					../../../addons/ofxOpenCv/libs/opencv/include/opencv2/gpu,
					../../../addons/ofxOpenCv/libs/opencv/include/opencv2/gpu/device,
					../../../addons/ofxOpenCv/libs/opencv/include/opencv2/gpu/device/detail,
					../../../addons/ofxOpenCv/libs/opencv/include/opencv2/highgui,
					../../../addons/ofxOpenCv/libs/opencv/include/opencv2/imgproc,
					../../../addons/ofxOpenCv/libs/opencv/include/opencv2/legacy,
					../../../addons/ofxOpenCv/libs/opencv/include/opencv2/ml,
					../../../addons/ofxOpenCv/libs/opencv/include/opencv2/nonfree,
					../../../addons/ofxOpenCv/libs/opencv/include/opencv2/objdetect,
					../../../addons/ofxOpenCv/libs/opencv/include/opencv2/photo,
					../../../addons/ofxOpenCv/libs/opencv/include/opencv2/stitching,
					../../../addons/ofxOpenCv/libs/opencv/include/opencv2/stitching/detail,
					../../../addons/ofxOpenCv/libs/opencv/include/opencv2/superres,
					../../../addons/ofxOpenCv/libs/opencv/include/opencv2/ts,
					../../../addons/ofxOpenCv/libs/opencv/include/opencv2/video,
					../../../addons/ofxOpenCv/libs/opencv/include/opencv2/videostab,
					../../../addons/ofxOpenCv/libs/opencv/lib,
					../../../addons/ofxOpenCv/libs/opencv/lib/emscripten,
					../../../addons/ofxOpenCv/libs/opencv/lib/osx,
					../../../addons/ofxOpenCv/libs/opencv/license,
					../../../addons/ofxOpenCv/src,
					../../../addons/ofxXmlSettings/libs,
					../../../addons/ofxXmlSettings/src,
				);
				ICON = "$(ICON_NAME_DEBUG)";
				ICON_FILE = "$(ICON_FILE_PATH)$(ICON)";
				INFOPLIST_FILE = "openFrameworks-Info.plist";
				INSTALL_PATH = /Applications;
				LIBRARY_SEARCH_PATHS = (
					"$(inherited)",
					/Users/roy/openFrameworks/addons/ofxOpenCv/libs/opencv/lib/osx,
				);
				OTHER_LDFLAGS = (
					"$(OF_CORE_FRAMEWORKS)",
					"$(OF_CORE_LIBS)",
					../../../addons/ofxOpenCv/libs/opencv/lib/osx/opencv.a,
				);
				PRODUCT_NAME = "$(TARGET_NAME)Debug";
				USER_HEADER_SEARCH_PATHS = ../../ofxOpenCv/libs/opencv/include/;
				WRAPPER_EXTENSION = app;
			};
			name = Debug;
		};
		E4B69B610A3A1757003C02F2 /* Release */ = {
			isa = XCBuildConfiguration;
			baseConfigurationReference = E4EB6923138AFD0F00A09F29 /* Project.xcconfig */;
			buildSettings = {
				COMBINE_HIDPI_IMAGES = YES;
				COPY_PHASE_STRIP = YES;
				FRAMEWORK_SEARCH_PATHS = (
					"$(inherited)",
					"$(FRAMEWORK_SEARCH_PATHS_QUOTED_FOR_TARGET_1)",
				);
				FRAMEWORK_SEARCH_PATHS_QUOTED_FOR_TARGET_1 = "\"$(SRCROOT)/../../../libs/glut/lib/osx\"";
				GCC_GENERATE_DEBUGGING_SYMBOLS = YES;
				GCC_MODEL_TUNING = NONE;
				HEADER_SEARCH_PATHS = (
					"$(OF_CORE_HEADERS)",
					src,
					../../../addons/ofxGLWarper/src,
					../../../addons/ofxOpenCv/libs,
					../../../addons/ofxOpenCv/libs/opencv,
					../../../addons/ofxOpenCv/libs/opencv/include,
					../../../addons/ofxOpenCv/libs/opencv/include/opencv,
					../../../addons/ofxOpenCv/libs/opencv/include/opencv2,
					../../../addons/ofxOpenCv/libs/opencv/include/opencv2/calib3d,
					../../../addons/ofxOpenCv/libs/opencv/include/opencv2/contrib,
					../../../addons/ofxOpenCv/libs/opencv/include/opencv2/core,
					../../../addons/ofxOpenCv/libs/opencv/include/opencv2/features2d,
					../../../addons/ofxOpenCv/libs/opencv/include/opencv2/flann,
					../../../addons/ofxOpenCv/libs/opencv/include/opencv2/gpu,
					../../../addons/ofxOpenCv/libs/opencv/include/opencv2/gpu/device,
					../../../addons/ofxOpenCv/libs/opencv/include/opencv2/gpu/device/detail,
					../../../addons/ofxOpenCv/libs/opencv/include/opencv2/highgui,
					../../../addons/ofxOpenCv/libs/opencv/include/opencv2/imgproc,
					../../../addons/ofxOpenCv/libs/opencv/include/opencv2/legacy,
					../../../addons/ofxOpenCv/libs/opencv/include/opencv2/ml,
					../../../addons/ofxOpenCv/libs/opencv/include/opencv2/nonfree,
					../../../addons/ofxOpenCv/libs/opencv/include/opencv2/objdetect,
					../../../addons/ofxOpenCv/libs/opencv/include/opencv2/photo,
					../../../addons/ofxOpenCv/libs/opencv/include/opencv2/stitching,
					../../../addons/ofxOpenCv/libs/opencv/include/opencv2/stitching/detail,
					../../../addons/ofxOpenCv/libs/opencv/include/opencv2/superres,
					../../../addons/ofxOpenCv/libs/opencv/include/opencv2/ts,
					../../../addons/ofxOpenCv/libs/opencv/include/opencv2/video,
					../../../addons/ofxOpenCv/libs/opencv/include/opencv2/videostab,
					../../../addons/ofxOpenCv/libs/opencv/lib,
					../../../addons/ofxOpenCv/libs/opencv/lib/emscripten,
					../../../addons/ofxOpenCv/libs/opencv/lib/osx,
					../../../addons/ofxOpenCv/libs/opencv/license,
					../../../addons/ofxOpenCv/src,
					../../../addons/ofxXmlSettings/libs,
					../../../addons/ofxXmlSettings/src,
				);
				ICON = "$(ICON_NAME_RELEASE)";
				ICON_FILE = "$(ICON_FILE_PATH)$(ICON)";
				INFOPLIST_FILE = "openFrameworks-Info.plist";
				INSTALL_PATH = /Applications;
				LIBRARY_SEARCH_PATHS = (
					"$(inherited)",
					/Users/roy/openFrameworks/addons/ofxOpenCv/libs/opencv/lib/osx,
				);
				OTHER_LDFLAGS = (
					"$(OF_CORE_FRAMEWORKS)",
					"$(OF_CORE_LIBS)",
					../../../addons/ofxOpenCv/libs/opencv/lib/osx/opencv.a,
				);
				PRODUCT_NAME = "$(TARGET_NAME)";
				USER_HEADER_SEARCH_PATHS = ../../ofxOpenCv/libs/opencv/include/;
				WRAPPER_EXTENSION = app;
				baseConfigurationReference = E4EB6923138AFD0F00A09F29;
			};
			name = Release;
		};
/* End XCBuildConfiguration section */

/* Begin XCConfigurationList section */
		E4B69B4D0A3A1720003C02F2 /* Build configuration list for PBXProject "example-A_bit_more_complex" */ = {
			isa = XCConfigurationList;
			buildConfigurations = (
				E4B69B4E0A3A1720003C02F2 /* Debug */,
				E4B69B4F0A3A1720003C02F2 /* Release */,
			);
			defaultConfigurationIsVisible = 0;
			defaultConfigurationName = Release;
		};
		E4B69B5F0A3A1757003C02F2 /* Build configuration list for PBXNativeTarget "example-A_bit_more_complex" */ = {
			isa = XCConfigurationList;
			buildConfigurations = (
				E4B69B600A3A1757003C02F2 /* Debug */,
				E4B69B610A3A1757003C02F2 /* Release */,
			);
			defaultConfigurationIsVisible = 0;
			defaultConfigurationName = Release;
		};
/* End XCConfigurationList section */
	};
	rootObject = E4B69B4C0A3A1720003C02F2 /* Project object */;
}
